// !$*UTF8*$!
{
	archiveVersion = 1;
	classes = {
	};
	objectVersion = 50;
	objects = {

/* Begin PBXBuildFile section */
		6E170622263C2F2200B67F37 /* UIImage.swift in Sources */ = {isa = PBXBuildFile; fileRef = 6E170621263C2F2200B67F37 /* UIImage.swift */; };
		6E170626263C4AF300B67F37 /* UIView.swift in Sources */ = {isa = PBXBuildFile; fileRef = 6E170625263C4AF300B67F37 /* UIView.swift */; };
		6E24A83B263C11AD0013F7E4 /* Data.swift in Sources */ = {isa = PBXBuildFile; fileRef = 6E24A83A263C11AD0013F7E4 /* Data.swift */; };
		6E4752B2263C20E9007888ED /* DetailViewController.swift in Sources */ = {isa = PBXBuildFile; fileRef = 6E4752B1263C20E9007888ED /* DetailViewController.swift */; };
		6E4752B5263C2101007888ED /* DetailViewModel.swift in Sources */ = {isa = PBXBuildFile; fileRef = 6E4752B4263C2101007888ED /* DetailViewModel.swift */; };
		6E80676D263BF24300FD38F0 /* AppDelegate.swift in Sources */ = {isa = PBXBuildFile; fileRef = 6E80676C263BF24300FD38F0 /* AppDelegate.swift */; };
		6E80676F263BF24300FD38F0 /* SceneDelegate.swift in Sources */ = {isa = PBXBuildFile; fileRef = 6E80676E263BF24300FD38F0 /* SceneDelegate.swift */; };
		6E806776263BF24800FD38F0 /* Assets.xcassets in Resources */ = {isa = PBXBuildFile; fileRef = 6E806775263BF24800FD38F0 /* Assets.xcassets */; };
		6E806779263BF24800FD38F0 /* LaunchScreen.storyboard in Resources */ = {isa = PBXBuildFile; fileRef = 6E806777263BF24800FD38F0 /* LaunchScreen.storyboard */; };
		6E806787263BF43E00FD38F0 /* TableViewController.swift in Sources */ = {isa = PBXBuildFile; fileRef = 6E806784263BF43E00FD38F0 /* TableViewController.swift */; };
		6E806788263BF43E00FD38F0 /* TableCellConfiguration.swift in Sources */ = {isa = PBXBuildFile; fileRef = 6E806785263BF43E00FD38F0 /* TableCellConfiguration.swift */; };
		6E80678E263BF50900FD38F0 /* UITableView.swift in Sources */ = {isa = PBXBuildFile; fileRef = 6E80678D263BF50900FD38F0 /* UITableView.swift */; };
		6E806794263BF5E200FD38F0 /* Models.swift in Sources */ = {isa = PBXBuildFile; fileRef = 6E806791263BF5E200FD38F0 /* Models.swift */; };
		6E806795263BF5E200FD38F0 /* PokemonAPI.swift in Sources */ = {isa = PBXBuildFile; fileRef = 6E806792263BF5E200FD38F0 /* PokemonAPI.swift */; };
		6E806796263BF5E200FD38F0 /* NetworkAgent.swift in Sources */ = {isa = PBXBuildFile; fileRef = 6E806793263BF5E200FD38F0 /* NetworkAgent.swift */; };
		6E9D559D263C003300D0DA9D /* Cells.swift in Sources */ = {isa = PBXBuildFile; fileRef = 6E9D559C263C003300D0DA9D /* Cells.swift */; };
		6EC394C1263CC341009A2A2D /* String.swift in Sources */ = {isa = PBXBuildFile; fileRef = 6EC394C0263CC341009A2A2D /* String.swift */; };
		6EC5FCC4263CA370005B04ED /* pixelmix.ttf in Resources */ = {isa = PBXBuildFile; fileRef = 6EFE197A263CA09E00FD0A19 /* pixelmix.ttf */; };
		6EC5FCCB263CA5D1005B04ED /* UICollectionViewFlowLayout.swift in Sources */ = {isa = PBXBuildFile; fileRef = 6EC5FCCA263CA5D1005B04ED /* UICollectionViewFlowLayout.swift */; };
		6EC5FCD0263CA824005B04ED /* NavigationController.swift in Sources */ = {isa = PBXBuildFile; fileRef = 6EC5FCCF263CA824005B04ED /* NavigationController.swift */; };
		6EC94FE8263C84D4003E0117 /* PokedexViewModel.swift in Sources */ = {isa = PBXBuildFile; fileRef = 6EC94FE7263C84D4003E0117 /* PokedexViewModel.swift */; };
		6EFC2127263C7B19004389D9 /* CollectionViewController.swift in Sources */ = {isa = PBXBuildFile; fileRef = 6EFC2126263C7B19004389D9 /* CollectionViewController.swift */; };
		6EFC212B263C7BA7004389D9 /* UICollectionView.swift in Sources */ = {isa = PBXBuildFile; fileRef = 6EFC212A263C7BA7004389D9 /* UICollectionView.swift */; };
		6EFC2130263C7F2A004389D9 /* CollectionCellConfiguration.swift in Sources */ = {isa = PBXBuildFile; fileRef = 6EFC212F263C7F2A004389D9 /* CollectionCellConfiguration.swift */; };
		6EFC2133263C8318004389D9 /* PokedexViewController.swift in Sources */ = {isa = PBXBuildFile; fileRef = 6EFC2132263C8318004389D9 /* PokedexViewController.swift */; };
		6EFC2139263C844F004389D9 /* CollectionCells.swift in Sources */ = {isa = PBXBuildFile; fileRef = 6EFC2138263C844F004389D9 /* CollectionCells.swift */; };
		6EFE1974263C8BB700FD0A19 /* UIColor.swift in Sources */ = {isa = PBXBuildFile; fileRef = 6EFE1973263C8BB700FD0A19 /* UIColor.swift */; };
		6EFE1977263C8F0400FD0A19 /* UIImageColors.swift in Sources */ = {isa = PBXBuildFile; fileRef = 6EFE1976263C8F0400FD0A19 /* UIImageColors.swift */; };
		6EFE197E263CA0FC00FD0A19 /* UIFont.swift in Sources */ = {isa = PBXBuildFile; fileRef = 6EFE197D263CA0FC00FD0A19 /* UIFont.swift */; };
/* End PBXBuildFile section */

/* Begin PBXFileReference section */
		6E170621263C2F2200B67F37 /* UIImage.swift */ = {isa = PBXFileReference; lastKnownFileType = sourcecode.swift; path = UIImage.swift; sourceTree = "<group>"; };
		6E170625263C4AF300B67F37 /* UIView.swift */ = {isa = PBXFileReference; lastKnownFileType = sourcecode.swift; path = UIView.swift; sourceTree = "<group>"; };
		6E24A83A263C11AD0013F7E4 /* Data.swift */ = {isa = PBXFileReference; lastKnownFileType = sourcecode.swift; path = Data.swift; sourceTree = "<group>"; };
		6E4752B1263C20E9007888ED /* DetailViewController.swift */ = {isa = PBXFileReference; lastKnownFileType = sourcecode.swift; path = DetailViewController.swift; sourceTree = "<group>"; };
		6E4752B4263C2101007888ED /* DetailViewModel.swift */ = {isa = PBXFileReference; lastKnownFileType = sourcecode.swift; path = DetailViewModel.swift; sourceTree = "<group>"; };
		6E806769263BF24300FD38F0 /* CombineSample.app */ = {isa = PBXFileReference; explicitFileType = wrapper.application; includeInIndex = 0; path = CombineSample.app; sourceTree = BUILT_PRODUCTS_DIR; };
		6E80676C263BF24300FD38F0 /* AppDelegate.swift */ = {isa = PBXFileReference; lastKnownFileType = sourcecode.swift; path = AppDelegate.swift; sourceTree = "<group>"; };
		6E80676E263BF24300FD38F0 /* SceneDelegate.swift */ = {isa = PBXFileReference; lastKnownFileType = sourcecode.swift; path = SceneDelegate.swift; sourceTree = "<group>"; };
		6E806775263BF24800FD38F0 /* Assets.xcassets */ = {isa = PBXFileReference; lastKnownFileType = folder.assetcatalog; path = Assets.xcassets; sourceTree = "<group>"; };
		6E806778263BF24800FD38F0 /* Base */ = {isa = PBXFileReference; lastKnownFileType = file.storyboard; name = Base; path = Base.lproj/LaunchScreen.storyboard; sourceTree = "<group>"; };
		6E80677A263BF24800FD38F0 /* Info.plist */ = {isa = PBXFileReference; lastKnownFileType = text.plist.xml; path = Info.plist; sourceTree = "<group>"; };
		6E806784263BF43E00FD38F0 /* TableViewController.swift */ = {isa = PBXFileReference; fileEncoding = 4; lastKnownFileType = sourcecode.swift; path = TableViewController.swift; sourceTree = "<group>"; };
		6E806785263BF43E00FD38F0 /* TableCellConfiguration.swift */ = {isa = PBXFileReference; fileEncoding = 4; lastKnownFileType = sourcecode.swift; path = TableCellConfiguration.swift; sourceTree = "<group>"; };
		6E80678D263BF50900FD38F0 /* UITableView.swift */ = {isa = PBXFileReference; fileEncoding = 4; lastKnownFileType = sourcecode.swift; path = UITableView.swift; sourceTree = "<group>"; };
		6E806791263BF5E200FD38F0 /* Models.swift */ = {isa = PBXFileReference; fileEncoding = 4; lastKnownFileType = sourcecode.swift; path = Models.swift; sourceTree = "<group>"; };
		6E806792263BF5E200FD38F0 /* PokemonAPI.swift */ = {isa = PBXFileReference; fileEncoding = 4; lastKnownFileType = sourcecode.swift; path = PokemonAPI.swift; sourceTree = "<group>"; };
		6E806793263BF5E200FD38F0 /* NetworkAgent.swift */ = {isa = PBXFileReference; fileEncoding = 4; lastKnownFileType = sourcecode.swift; path = NetworkAgent.swift; sourceTree = "<group>"; };
		6E9D559C263C003300D0DA9D /* Cells.swift */ = {isa = PBXFileReference; lastKnownFileType = sourcecode.swift; path = Cells.swift; sourceTree = "<group>"; };
		6EC394C0263CC341009A2A2D /* String.swift */ = {isa = PBXFileReference; lastKnownFileType = sourcecode.swift; path = String.swift; sourceTree = "<group>"; };
		6EC5FCCA263CA5D1005B04ED /* UICollectionViewFlowLayout.swift */ = {isa = PBXFileReference; lastKnownFileType = sourcecode.swift; path = UICollectionViewFlowLayout.swift; sourceTree = "<group>"; };
		6EC5FCCF263CA824005B04ED /* NavigationController.swift */ = {isa = PBXFileReference; lastKnownFileType = sourcecode.swift; path = NavigationController.swift; sourceTree = "<group>"; };
		6EC94FE7263C84D4003E0117 /* PokedexViewModel.swift */ = {isa = PBXFileReference; lastKnownFileType = sourcecode.swift; path = PokedexViewModel.swift; sourceTree = "<group>"; };
		6EFC2126263C7B19004389D9 /* CollectionViewController.swift */ = {isa = PBXFileReference; lastKnownFileType = sourcecode.swift; path = CollectionViewController.swift; sourceTree = "<group>"; };
		6EFC212A263C7BA7004389D9 /* UICollectionView.swift */ = {isa = PBXFileReference; lastKnownFileType = sourcecode.swift; path = UICollectionView.swift; sourceTree = "<group>"; };
		6EFC212F263C7F2A004389D9 /* CollectionCellConfiguration.swift */ = {isa = PBXFileReference; lastKnownFileType = sourcecode.swift; path = CollectionCellConfiguration.swift; sourceTree = "<group>"; };
		6EFC2132263C8318004389D9 /* PokedexViewController.swift */ = {isa = PBXFileReference; lastKnownFileType = sourcecode.swift; path = PokedexViewController.swift; sourceTree = "<group>"; };
		6EFC2138263C844F004389D9 /* CollectionCells.swift */ = {isa = PBXFileReference; lastKnownFileType = sourcecode.swift; path = CollectionCells.swift; sourceTree = "<group>"; };
		6EFE1973263C8BB700FD0A19 /* UIColor.swift */ = {isa = PBXFileReference; lastKnownFileType = sourcecode.swift; path = UIColor.swift; sourceTree = "<group>"; };
		6EFE1976263C8F0400FD0A19 /* UIImageColors.swift */ = {isa = PBXFileReference; lastKnownFileType = sourcecode.swift; path = UIImageColors.swift; sourceTree = "<group>"; };
		6EFE197A263CA09E00FD0A19 /* pixelmix.ttf */ = {isa = PBXFileReference; lastKnownFileType = file; path = pixelmix.ttf; sourceTree = "<group>"; };
		6EFE197D263CA0FC00FD0A19 /* UIFont.swift */ = {isa = PBXFileReference; lastKnownFileType = sourcecode.swift; path = UIFont.swift; sourceTree = "<group>"; };
/* End PBXFileReference section */

/* Begin PBXFrameworksBuildPhase section */
		6E806766263BF24300FD38F0 /* Frameworks */ = {
			isa = PBXFrameworksBuildPhase;
			buildActionMask = 2147483647;
			files = (
			);
			runOnlyForDeploymentPostprocessing = 0;
		};
/* End PBXFrameworksBuildPhase section */

/* Begin PBXGroup section */
		6E17061A263C22D300B67F37 /* DetailViewController */ = {
			isa = PBXGroup;
			children = (
				6E4752B1263C20E9007888ED /* DetailViewController.swift */,
				6E4752B4263C2101007888ED /* DetailViewModel.swift */,
			);
			path = DetailViewController;
			sourceTree = "<group>";
		};
		6E24A838263C11780013F7E4 /* Extensions */ = {
			isa = PBXGroup;
			children = (
				6EC5FCCA263CA5D1005B04ED /* UICollectionViewFlowLayout.swift */,
				6EC5FCCF263CA824005B04ED /* NavigationController.swift */,
				6EFC212A263C7BA7004389D9 /* UICollectionView.swift */,
				6EFE1976263C8F0400FD0A19 /* UIImageColors.swift */,
				6E80678D263BF50900FD38F0 /* UITableView.swift */,
				6E170621263C2F2200B67F37 /* UIImage.swift */,
				6EFE1973263C8BB700FD0A19 /* UIColor.swift */,
				6E170625263C4AF300B67F37 /* UIView.swift */,
				6EFE197D263CA0FC00FD0A19 /* UIFont.swift */,
				6EC394C0263CC341009A2A2D /* String.swift */,
				6E24A83A263C11AD0013F7E4 /* Data.swift */,
			);
			path = Extensions;
			sourceTree = "<group>";
		};
		6E24A83E263C11C10013F7E4 /* PokemonAPI */ = {
			isa = PBXGroup;
			children = (
				6E806792263BF5E200FD38F0 /* PokemonAPI.swift */,
				6E806791263BF5E200FD38F0 /* Models.swift */,
			);
			path = PokemonAPI;
			sourceTree = "<group>";
		};
		6E806760263BF24300FD38F0 = {
			isa = PBXGroup;
			children = (
				6E80676B263BF24300FD38F0 /* CombineSample */,
				6E80676A263BF24300FD38F0 /* Products */,
			);
			sourceTree = "<group>";
		};
		6E80676A263BF24300FD38F0 /* Products */ = {
			isa = PBXGroup;
			children = (
				6E806769263BF24300FD38F0 /* CombineSample.app */,
			);
			name = Products;
			sourceTree = "<group>";
		};
		6E80676B263BF24300FD38F0 /* CombineSample */ = {
			isa = PBXGroup;
			children = (
				6E80676C263BF24300FD38F0 /* AppDelegate.swift */,
				6E80676E263BF24300FD38F0 /* SceneDelegate.swift */,
				6E9D559A263BFE1500D0DA9D /* ViewControllers */,
				6E806798263BF5E600FD38F0 /* Networking */,
				6E80678B263BF44100FD38F0 /* DynamicTables */,
				6E24A838263C11780013F7E4 /* Extensions */,
				6E806775263BF24800FD38F0 /* Assets.xcassets */,
				6E806777263BF24800FD38F0 /* LaunchScreen.storyboard */,
				6EFE197A263CA09E00FD0A19 /* pixelmix.ttf */,
				6E80677A263BF24800FD38F0 /* Info.plist */,
			);
			path = CombineSample;
			sourceTree = "<group>";
		};
		6E80678B263BF44100FD38F0 /* DynamicTables */ = {
			isa = PBXGroup;
			children = (
				6EFC2135263C8422004389D9 /* CollectionView */,
				6EFC2137263C842A004389D9 /* TableView */,
			);
			path = DynamicTables;
			sourceTree = "<group>";
		};
		6E806798263BF5E600FD38F0 /* Networking */ = {
			isa = PBXGroup;
			children = (
				6E806793263BF5E200FD38F0 /* NetworkAgent.swift */,
				6E24A83E263C11C10013F7E4 /* PokemonAPI */,
			);
			path = Networking;
			sourceTree = "<group>";
		};
		6E9D559A263BFE1500D0DA9D /* ViewControllers */ = {
			isa = PBXGroup;
			children = (
				6EC94FEA263C854B003E0117 /* PokedexViewController */,
				6E17061A263C22D300B67F37 /* DetailViewController */,
			);
			path = ViewControllers;
			sourceTree = "<group>";
		};
		6EC94FEA263C854B003E0117 /* PokedexViewController */ = {
			isa = PBXGroup;
			children = (
				6EFC2132263C8318004389D9 /* PokedexViewController.swift */,
				6EC94FE7263C84D4003E0117 /* PokedexViewModel.swift */,
			);
			path = PokedexViewController;
			sourceTree = "<group>";
		};
		6EFC2135263C8422004389D9 /* CollectionView */ = {
			isa = PBXGroup;
			children = (
				6EFC2126263C7B19004389D9 /* CollectionViewController.swift */,
				6EFC212F263C7F2A004389D9 /* CollectionCellConfiguration.swift */,
				6EFC2138263C844F004389D9 /* CollectionCells.swift */,
			);
			path = CollectionView;
			sourceTree = "<group>";
		};
		6EFC2137263C842A004389D9 /* TableView */ = {
			isa = PBXGroup;
			children = (
				6E806784263BF43E00FD38F0 /* TableViewController.swift */,
				6E806785263BF43E00FD38F0 /* TableCellConfiguration.swift */,
				6E9D559C263C003300D0DA9D /* Cells.swift */,
			);
			path = TableView;
			sourceTree = "<group>";
		};
/* End PBXGroup section */

/* Begin PBXNativeTarget section */
		6E806768263BF24300FD38F0 /* CombineSample */ = {
			isa = PBXNativeTarget;
			buildConfigurationList = 6E80677D263BF24800FD38F0 /* Build configuration list for PBXNativeTarget "CombineSample" */;
			buildPhases = (
				6E806765263BF24300FD38F0 /* Sources */,
				6E806766263BF24300FD38F0 /* Frameworks */,
				6E806767263BF24300FD38F0 /* Resources */,
			);
			buildRules = (
			);
			dependencies = (
			);
			name = CombineSample;
			productName = CombineSample;
			productReference = 6E806769263BF24300FD38F0 /* CombineSample.app */;
			productType = "com.apple.product-type.application";
		};
/* End PBXNativeTarget section */

/* Begin PBXProject section */
		6E806761263BF24300FD38F0 /* Project object */ = {
			isa = PBXProject;
			attributes = {
				LastSwiftUpdateCheck = 1240;
				LastUpgradeCheck = 1240;
				TargetAttributes = {
					6E806768263BF24300FD38F0 = {
						CreatedOnToolsVersion = 12.4;
					};
				};
			};
			buildConfigurationList = 6E806764263BF24300FD38F0 /* Build configuration list for PBXProject "CombineSample" */;
			compatibilityVersion = "Xcode 9.3";
			developmentRegion = en;
			hasScannedForEncodings = 0;
			knownRegions = (
				en,
				Base,
			);
			mainGroup = 6E806760263BF24300FD38F0;
			productRefGroup = 6E80676A263BF24300FD38F0 /* Products */;
			projectDirPath = "";
			projectRoot = "";
			targets = (
				6E806768263BF24300FD38F0 /* CombineSample */,
			);
		};
/* End PBXProject section */

/* Begin PBXResourcesBuildPhase section */
		6E806767263BF24300FD38F0 /* Resources */ = {
			isa = PBXResourcesBuildPhase;
			buildActionMask = 2147483647;
			files = (
				6E806779263BF24800FD38F0 /* LaunchScreen.storyboard in Resources */,
				6E806776263BF24800FD38F0 /* Assets.xcassets in Resources */,
				6EC5FCC4263CA370005B04ED /* pixelmix.ttf in Resources */,
			);
			runOnlyForDeploymentPostprocessing = 0;
		};
/* End PBXResourcesBuildPhase section */

/* Begin PBXSourcesBuildPhase section */
		6E806765263BF24300FD38F0 /* Sources */ = {
			isa = PBXSourcesBuildPhase;
			buildActionMask = 2147483647;
			files = (
				6EFC2130263C7F2A004389D9 /* CollectionCellConfiguration.swift in Sources */,
				6EC5FCD0263CA824005B04ED /* NavigationController.swift in Sources */,
				6E4752B2263C20E9007888ED /* DetailViewController.swift in Sources */,
				6EFE197E263CA0FC00FD0A19 /* UIFont.swift in Sources */,
				6EFE1977263C8F0400FD0A19 /* UIImageColors.swift in Sources */,
				6EC5FCCB263CA5D1005B04ED /* UICollectionViewFlowLayout.swift in Sources */,
				6E80676D263BF24300FD38F0 /* AppDelegate.swift in Sources */,
				6E9D559D263C003300D0DA9D /* Cells.swift in Sources */,
				6E806794263BF5E200FD38F0 /* Models.swift in Sources */,
				6EFC2133263C8318004389D9 /* PokedexViewController.swift in Sources */,
				6E170622263C2F2200B67F37 /* UIImage.swift in Sources */,
				6E806795263BF5E200FD38F0 /* PokemonAPI.swift in Sources */,
				6E80676F263BF24300FD38F0 /* SceneDelegate.swift in Sources */,
				6EFC212B263C7BA7004389D9 /* UICollectionView.swift in Sources */,
				6EC394C1263CC341009A2A2D /* String.swift in Sources */,
				6E806796263BF5E200FD38F0 /* NetworkAgent.swift in Sources */,
				6E806788263BF43E00FD38F0 /* TableCellConfiguration.swift in Sources */,
				6EFC2127263C7B19004389D9 /* CollectionViewController.swift in Sources */,
				6E806787263BF43E00FD38F0 /* TableViewController.swift in Sources */,
				6E4752B5263C2101007888ED /* DetailViewModel.swift in Sources */,
				6EFE1974263C8BB700FD0A19 /* UIColor.swift in Sources */,
				6E80678E263BF50900FD38F0 /* UITableView.swift in Sources */,
				6E170626263C4AF300B67F37 /* UIView.swift in Sources */,
				6EC94FE8263C84D4003E0117 /* PokedexViewModel.swift in Sources */,
				6E24A83B263C11AD0013F7E4 /* Data.swift in Sources */,
				6EFC2139263C844F004389D9 /* CollectionCells.swift in Sources */,
			);
			runOnlyForDeploymentPostprocessing = 0;
		};
/* End PBXSourcesBuildPhase section */

/* Begin PBXVariantGroup section */
		6E806777263BF24800FD38F0 /* LaunchScreen.storyboard */ = {
			isa = PBXVariantGroup;
			children = (
				6E806778263BF24800FD38F0 /* Base */,
			);
			name = LaunchScreen.storyboard;
			sourceTree = "<group>";
		};
/* End PBXVariantGroup section */

/* Begin XCBuildConfiguration section */
		6E80677B263BF24800FD38F0 /* Debug */ = {
			isa = XCBuildConfiguration;
			buildSettings = {
				ALWAYS_SEARCH_USER_PATHS = NO;
				CLANG_ANALYZER_NONNULL = YES;
				CLANG_ANALYZER_NUMBER_OBJECT_CONVERSION = YES_AGGRESSIVE;
				CLANG_CXX_LANGUAGE_STANDARD = "gnu++14";
				CLANG_CXX_LIBRARY = "libc++";
				CLANG_ENABLE_MODULES = YES;
				CLANG_ENABLE_OBJC_ARC = YES;
				CLANG_ENABLE_OBJC_WEAK = YES;
				CLANG_WARN_BLOCK_CAPTURE_AUTORELEASING = YES;
				CLANG_WARN_BOOL_CONVERSION = YES;
				CLANG_WARN_COMMA = YES;
				CLANG_WARN_CONSTANT_CONVERSION = YES;
				CLANG_WARN_DEPRECATED_OBJC_IMPLEMENTATIONS = YES;
				CLANG_WARN_DIRECT_OBJC_ISA_USAGE = YES_ERROR;
				CLANG_WARN_DOCUMENTATION_COMMENTS = YES;
				CLANG_WARN_EMPTY_BODY = YES;
				CLANG_WARN_ENUM_CONVERSION = YES;
				CLANG_WARN_INFINITE_RECURSION = YES;
				CLANG_WARN_INT_CONVERSION = YES;
				CLANG_WARN_NON_LITERAL_NULL_CONVERSION = YES;
				CLANG_WARN_OBJC_IMPLICIT_RETAIN_SELF = YES;
				CLANG_WARN_OBJC_LITERAL_CONVERSION = YES;
				CLANG_WARN_OBJC_ROOT_CLASS = YES_ERROR;
				CLANG_WARN_QUOTED_INCLUDE_IN_FRAMEWORK_HEADER = YES;
				CLANG_WARN_RANGE_LOOP_ANALYSIS = YES;
				CLANG_WARN_STRICT_PROTOTYPES = YES;
				CLANG_WARN_SUSPICIOUS_MOVE = YES;
				CLANG_WARN_UNGUARDED_AVAILABILITY = YES_AGGRESSIVE;
				CLANG_WARN_UNREACHABLE_CODE = YES;
				CLANG_WARN__DUPLICATE_METHOD_MATCH = YES;
				COPY_PHASE_STRIP = NO;
				DEBUG_INFORMATION_FORMAT = dwarf;
				ENABLE_STRICT_OBJC_MSGSEND = YES;
				ENABLE_TESTABILITY = YES;
				GCC_C_LANGUAGE_STANDARD = gnu11;
				GCC_DYNAMIC_NO_PIC = NO;
				GCC_NO_COMMON_BLOCKS = YES;
				GCC_OPTIMIZATION_LEVEL = 0;
				GCC_PREPROCESSOR_DEFINITIONS = (
					"DEBUG=1",
					"$(inherited)",
				);
				GCC_WARN_64_TO_32_BIT_CONVERSION = YES;
				GCC_WARN_ABOUT_RETURN_TYPE = YES_ERROR;
				GCC_WARN_UNDECLARED_SELECTOR = YES;
				GCC_WARN_UNINITIALIZED_AUTOS = YES_AGGRESSIVE;
				GCC_WARN_UNUSED_FUNCTION = YES;
				GCC_WARN_UNUSED_VARIABLE = YES;
				IPHONEOS_DEPLOYMENT_TARGET = 14.4;
				MTL_ENABLE_DEBUG_INFO = INCLUDE_SOURCE;
				MTL_FAST_MATH = YES;
				ONLY_ACTIVE_ARCH = YES;
				SDKROOT = iphoneos;
				SWIFT_ACTIVE_COMPILATION_CONDITIONS = DEBUG;
				SWIFT_OPTIMIZATION_LEVEL = "-Onone";
			};
			name = Debug;
		};
		6E80677C263BF24800FD38F0 /* Release */ = {
			isa = XCBuildConfiguration;
			buildSettings = {
				ALWAYS_SEARCH_USER_PATHS = NO;
				CLANG_ANALYZER_NONNULL = YES;
				CLANG_ANALYZER_NUMBER_OBJECT_CONVERSION = YES_AGGRESSIVE;
				CLANG_CXX_LANGUAGE_STANDARD = "gnu++14";
				CLANG_CXX_LIBRARY = "libc++";
				CLANG_ENABLE_MODULES = YES;
				CLANG_ENABLE_OBJC_ARC = YES;
				CLANG_ENABLE_OBJC_WEAK = YES;
				CLANG_WARN_BLOCK_CAPTURE_AUTORELEASING = YES;
				CLANG_WARN_BOOL_CONVERSION = YES;
				CLANG_WARN_COMMA = YES;
				CLANG_WARN_CONSTANT_CONVERSION = YES;
				CLANG_WARN_DEPRECATED_OBJC_IMPLEMENTATIONS = YES;
				CLANG_WARN_DIRECT_OBJC_ISA_USAGE = YES_ERROR;
				CLANG_WARN_DOCUMENTATION_COMMENTS = YES;
				CLANG_WARN_EMPTY_BODY = YES;
				CLANG_WARN_ENUM_CONVERSION = YES;
				CLANG_WARN_INFINITE_RECURSION = YES;
				CLANG_WARN_INT_CONVERSION = YES;
				CLANG_WARN_NON_LITERAL_NULL_CONVERSION = YES;
				CLANG_WARN_OBJC_IMPLICIT_RETAIN_SELF = YES;
				CLANG_WARN_OBJC_LITERAL_CONVERSION = YES;
				CLANG_WARN_OBJC_ROOT_CLASS = YES_ERROR;
				CLANG_WARN_QUOTED_INCLUDE_IN_FRAMEWORK_HEADER = YES;
				CLANG_WARN_RANGE_LOOP_ANALYSIS = YES;
				CLANG_WARN_STRICT_PROTOTYPES = YES;
				CLANG_WARN_SUSPICIOUS_MOVE = YES;
				CLANG_WARN_UNGUARDED_AVAILABILITY = YES_AGGRESSIVE;
				CLANG_WARN_UNREACHABLE_CODE = YES;
				CLANG_WARN__DUPLICATE_METHOD_MATCH = YES;
				COPY_PHASE_STRIP = NO;
				DEBUG_INFORMATION_FORMAT = "dwarf-with-dsym";
				ENABLE_NS_ASSERTIONS = NO;
				ENABLE_STRICT_OBJC_MSGSEND = YES;
				GCC_C_LANGUAGE_STANDARD = gnu11;
				GCC_NO_COMMON_BLOCKS = YES;
				GCC_WARN_64_TO_32_BIT_CONVERSION = YES;
				GCC_WARN_ABOUT_RETURN_TYPE = YES_ERROR;
				GCC_WARN_UNDECLARED_SELECTOR = YES;
				GCC_WARN_UNINITIALIZED_AUTOS = YES_AGGRESSIVE;
				GCC_WARN_UNUSED_FUNCTION = YES;
				GCC_WARN_UNUSED_VARIABLE = YES;
				IPHONEOS_DEPLOYMENT_TARGET = 14.4;
				MTL_ENABLE_DEBUG_INFO = NO;
				MTL_FAST_MATH = YES;
				SDKROOT = iphoneos;
				SWIFT_COMPILATION_MODE = wholemodule;
				SWIFT_OPTIMIZATION_LEVEL = "-O";
				VALIDATE_PRODUCT = YES;
			};
			name = Release;
		};
		6E80677E263BF24800FD38F0 /* Debug */ = {
			isa = XCBuildConfiguration;
			buildSettings = {
				ASSETCATALOG_COMPILER_APPICON_NAME = AppIcon;
				ASSETCATALOG_COMPILER_GLOBAL_ACCENT_COLOR_NAME = AccentColor;
				CODE_SIGN_STYLE = Automatic;
				DEVELOPMENT_TEAM = YP4N79559M;
				INFOPLIST_FILE = CombineSample/Info.plist;
				LD_RUNPATH_SEARCH_PATHS = (
					"$(inherited)",
					"@executable_path/Frameworks",
				);
				PRODUCT_BUNDLE_IDENTIFIER = com.storytel.ios.CombineSample;
				PRODUCT_NAME = "$(TARGET_NAME)";
				SWIFT_VERSION = 5.0;
				TARGETED_DEVICE_FAMILY = 1;
			};
			name = Debug;
		};
		6E80677F263BF24800FD38F0 /* Release */ = {
			isa = XCBuildConfiguration;
			buildSettings = {
				ASSETCATALOG_COMPILER_APPICON_NAME = AppIcon;
				ASSETCATALOG_COMPILER_GLOBAL_ACCENT_COLOR_NAME = AccentColor;
				CODE_SIGN_STYLE = Automatic;
				DEVELOPMENT_TEAM = YP4N79559M;
				INFOPLIST_FILE = CombineSample/Info.plist;
				LD_RUNPATH_SEARCH_PATHS = (
					"$(inherited)",
					"@executable_path/Frameworks",
				);
				PRODUCT_BUNDLE_IDENTIFIER = com.storytel.ios.CombineSample;
				PRODUCT_NAME = "$(TARGET_NAME)";
				SWIFT_VERSION = 5.0;
				TARGETED_DEVICE_FAMILY = 1;
			};
			name = Release;
		};
/* End XCBuildConfiguration section */

/* Begin XCConfigurationList section */
		6E806764263BF24300FD38F0 /* Build configuration list for PBXProject "CombineSample" */ = {
			isa = XCConfigurationList;
			buildConfigurations = (
				6E80677B263BF24800FD38F0 /* Debug */,
				6E80677C263BF24800FD38F0 /* Release */,
			);
			defaultConfigurationIsVisible = 0;
			defaultConfigurationName = Release;
		};
		6E80677D263BF24800FD38F0 /* Build configuration list for PBXNativeTarget "CombineSample" */ = {
			isa = XCConfigurationList;
			buildConfigurations = (
				6E80677E263BF24800FD38F0 /* Debug */,
				6E80677F263BF24800FD38F0 /* Release */,
			);
			defaultConfigurationIsVisible = 0;
			defaultConfigurationName = Release;
		};
/* End XCConfigurationList section */
	};
	rootObject = 6E806761263BF24300FD38F0 /* Project object */;
}
