// !$*UTF8*$!
{
	archiveVersion = 1;
	classes = {
	};
	objectVersion = 52;
	objects = {

/* Begin PBXBuildFile section */
		6E006F6D26416239009FC152 /* DetailHeaderView.swift in Sources */ = {isa = PBXBuildFile; fileRef = 6E006F6C26416239009FC152 /* DetailHeaderView.swift */; };
		6E006F742641989D009FC152 /* TabBarController.swift in Sources */ = {isa = PBXBuildFile; fileRef = 6E006F732641989D009FC152 /* TabBarController.swift */; };
		6E006F862641C434009FC152 /* ItemListViewModel.swift in Sources */ = {isa = PBXBuildFile; fileRef = 6E006F852641C434009FC152 /* ItemListViewModel.swift */; };
		6E006F892641C455009FC152 /* ItemListController.swift in Sources */ = {isa = PBXBuildFile; fileRef = 6E006F882641C455009FC152 /* ItemListController.swift */; };
		6E006F8F2641C4B4009FC152 /* ItemListBuilder.swift in Sources */ = {isa = PBXBuildFile; fileRef = 6E006F8E2641C4B4009FC152 /* ItemListBuilder.swift */; };
		6E170626263C4AF300B67F37 /* UIView.swift in Sources */ = {isa = PBXBuildFile; fileRef = 6E170625263C4AF300B67F37 /* UIView.swift */; };
		6E4752B2263C20E9007888ED /* DetailController.swift in Sources */ = {isa = PBXBuildFile; fileRef = 6E4752B1263C20E9007888ED /* DetailController.swift */; };
		6E4752B5263C2101007888ED /* DetailViewModel.swift in Sources */ = {isa = PBXBuildFile; fileRef = 6E4752B4263C2101007888ED /* DetailViewModel.swift */; };
		6E55385426406AEC0060C25B /* PokedexViewBuilder.swift in Sources */ = {isa = PBXBuildFile; fileRef = 6E55385326406AEC0060C25B /* PokedexViewBuilder.swift */; };
		6E55385826406B660060C25B /* DetailBuilder.swift in Sources */ = {isa = PBXBuildFile; fileRef = 6E55385726406B660060C25B /* DetailBuilder.swift */; };
		6E55385C26406BC80060C25B /* PokedexInteractor.swift in Sources */ = {isa = PBXBuildFile; fileRef = 6E55385B26406BC80060C25B /* PokedexInteractor.swift */; };
		6E55385F26406E530060C25B /* PokedexViewRouter.swift in Sources */ = {isa = PBXBuildFile; fileRef = 6E55385E26406E530060C25B /* PokedexViewRouter.swift */; };
		6E55387026406FDB0060C25B /* Int.swift in Sources */ = {isa = PBXBuildFile; fileRef = 6E55386F26406FDB0060C25B /* Int.swift */; };
		6E80676D263BF24300FD38F0 /* AppDelegate.swift in Sources */ = {isa = PBXBuildFile; fileRef = 6E80676C263BF24300FD38F0 /* AppDelegate.swift */; };
		6E80676F263BF24300FD38F0 /* SceneDelegate.swift in Sources */ = {isa = PBXBuildFile; fileRef = 6E80676E263BF24300FD38F0 /* SceneDelegate.swift */; };
		6E806776263BF24800FD38F0 /* Assets.xcassets in Resources */ = {isa = PBXBuildFile; fileRef = 6E806775263BF24800FD38F0 /* Assets.xcassets */; };
		6E806779263BF24800FD38F0 /* LaunchScreen.storyboard in Resources */ = {isa = PBXBuildFile; fileRef = 6E806777263BF24800FD38F0 /* LaunchScreen.storyboard */; };
		6E80678E263BF50900FD38F0 /* UITableView.swift in Sources */ = {isa = PBXBuildFile; fileRef = 6E80678D263BF50900FD38F0 /* UITableView.swift */; };
		6E806794263BF5E200FD38F0 /* PokemonModels.swift in Sources */ = {isa = PBXBuildFile; fileRef = 6E806791263BF5E200FD38F0 /* PokemonModels.swift */; };
		6E9D559D263C003300D0DA9D /* DetailCell.swift in Sources */ = {isa = PBXBuildFile; fileRef = 6E9D559C263C003300D0DA9D /* DetailCell.swift */; };
		6EA892272641C5AA00E4F269 /* RegularCell.swift in Sources */ = {isa = PBXBuildFile; fileRef = 6EA892262641C5AA00E4F269 /* RegularCell.swift */; };
		6EA892302641C8D700E4F269 /* ItemListInteractor.swift in Sources */ = {isa = PBXBuildFile; fileRef = 6EA8922F2641C8D700E4F269 /* ItemListInteractor.swift */; };
		6EA892332641C8FB00E4F269 /* ItemListRouter.swift in Sources */ = {isa = PBXBuildFile; fileRef = 6EA892322641C8FB00E4F269 /* ItemListRouter.swift */; };
		6EC394C1263CC341009A2A2D /* String.swift in Sources */ = {isa = PBXBuildFile; fileRef = 6EC394C0263CC341009A2A2D /* String.swift */; };
		6EC5FCC4263CA370005B04ED /* pixelmix.ttf in Resources */ = {isa = PBXBuildFile; fileRef = 6EFE197A263CA09E00FD0A19 /* pixelmix.ttf */; };
		6EC5FCD0263CA824005B04ED /* NavigationController.swift in Sources */ = {isa = PBXBuildFile; fileRef = 6EC5FCCF263CA824005B04ED /* NavigationController.swift */; };
		6EC94FE8263C84D4003E0117 /* PokedexViewModel.swift in Sources */ = {isa = PBXBuildFile; fileRef = 6EC94FE7263C84D4003E0117 /* PokedexViewModel.swift */; };
		6ED962BA2640923500D5F032 /* ItemsController.swift in Sources */ = {isa = PBXBuildFile; fileRef = 6ED962B92640923500D5F032 /* ItemsController.swift */; };
		6EEA69C1267206920004F7A6 /* UILabel.swift in Sources */ = {isa = PBXBuildFile; fileRef = 6EEA69C0267206920004F7A6 /* UILabel.swift */; };
		6EF0F6DA2640C08D00C2AED8 /* ItemsViewModel.swift in Sources */ = {isa = PBXBuildFile; fileRef = 6EF0F6D92640C08D00C2AED8 /* ItemsViewModel.swift */; };
		6EF0F6DD2640C0BE00C2AED8 /* ItemCell.swift in Sources */ = {isa = PBXBuildFile; fileRef = 6EF0F6DC2640C0BE00C2AED8 /* ItemCell.swift */; };
		6EF0F6E02640C0F800C2AED8 /* ItemsBuilder.swift in Sources */ = {isa = PBXBuildFile; fileRef = 6EF0F6DF2640C0F800C2AED8 /* ItemsBuilder.swift */; };
		6EF4633426791E50003B52C5 /* Transition.swift in Sources */ = {isa = PBXBuildFile; fileRef = 6EF4633026791E50003B52C5 /* Transition.swift */; };
		6EF4633526791E50003B52C5 /* Presentation.swift in Sources */ = {isa = PBXBuildFile; fileRef = 6EF4633126791E50003B52C5 /* Presentation.swift */; };
		6EFC212B263C7BA7004389D9 /* UICollectionView.swift in Sources */ = {isa = PBXBuildFile; fileRef = 6EFC212A263C7BA7004389D9 /* UICollectionView.swift */; };
		6EFC2133263C8318004389D9 /* PokedexController.swift in Sources */ = {isa = PBXBuildFile; fileRef = 6EFC2132263C8318004389D9 /* PokedexController.swift */; };
		6EFC2139263C844F004389D9 /* PokedexCell.swift in Sources */ = {isa = PBXBuildFile; fileRef = 6EFC2138263C844F004389D9 /* PokedexCell.swift */; };
		6EFE1974263C8BB700FD0A19 /* UIColor.swift in Sources */ = {isa = PBXBuildFile; fileRef = 6EFE1973263C8BB700FD0A19 /* UIColor.swift */; };
		6EFE1977263C8F0400FD0A19 /* UIImageColors.swift in Sources */ = {isa = PBXBuildFile; fileRef = 6EFE1976263C8F0400FD0A19 /* UIImageColors.swift */; };
		6EFE197E263CA0FC00FD0A19 /* UIFont.swift in Sources */ = {isa = PBXBuildFile; fileRef = 6EFE197D263CA0FC00FD0A19 /* UIFont.swift */; };
		D5031469293BCCC500581E7F /* ImageView.swift in Sources */ = {isa = PBXBuildFile; fileRef = D5031468293BCCC500581E7F /* ImageView.swift */; };
		D503146B293BCE9700581E7F /* InteractableTransition.swift in Sources */ = {isa = PBXBuildFile; fileRef = D503146A293BCE9700581E7F /* InteractableTransition.swift */; };
		D503146D293BCEE300581E7F /* PresentableView.swift in Sources */ = {isa = PBXBuildFile; fileRef = D503146C293BCEE300581E7F /* PresentableView.swift */; };
		D51C2CE22938FA150081B053 /* Array.swift in Sources */ = {isa = PBXBuildFile; fileRef = D51C2CE12938FA150081B053 /* Array.swift */; };
		D51C2CE8293A34C40081B053 /* ItemsView.swift in Sources */ = {isa = PBXBuildFile; fileRef = D51C2CE7293A34C40081B053 /* ItemsView.swift */; };
		D51C2CEA293A34FF0081B053 /* ItemsView.xib in Resources */ = {isa = PBXBuildFile; fileRef = D51C2CE9293A34FF0081B053 /* ItemsView.xib */; };
		D53366AA26486E8D00B5825D /* Collection.swift in Sources */ = {isa = PBXBuildFile; fileRef = D53366A926486E8D00B5825D /* Collection.swift */; };
		D53E92FD2937B61400AD415C /* PokedexView.swift in Sources */ = {isa = PBXBuildFile; fileRef = D53E92FC2937B61400AD415C /* PokedexView.swift */; };
		D53E92FF2937B61C00AD415C /* PokedexView.xib in Resources */ = {isa = PBXBuildFile; fileRef = D53E92FE2937B61C00AD415C /* PokedexView.xib */; };
		D53E93022937B6D400AD415C /* UINib.swift in Sources */ = {isa = PBXBuildFile; fileRef = D53E93002937B6D400AD415C /* UINib.swift */; };
		D53E93052937B86900AD415C /* CollectionViewable.swift in Sources */ = {isa = PBXBuildFile; fileRef = D53E93042937B86900AD415C /* CollectionViewable.swift */; };
		D53E93072937B8A900AD415C /* CollectionDataSources.swift in Sources */ = {isa = PBXBuildFile; fileRef = D53E93062937B8A900AD415C /* CollectionDataSources.swift */; };
		D53E93092937B8FB00AD415C /* CollectionViewLayout.swift in Sources */ = {isa = PBXBuildFile; fileRef = D53E93082937B8FB00AD415C /* CollectionViewLayout.swift */; };
		D53E930E2937FEE700AD415C /* PokemonRequest.swift in Sources */ = {isa = PBXBuildFile; fileRef = D53E930D2937FEE700AD415C /* PokemonRequest.swift */; };
		D53E93102937FF5200AD415C /* Endpoints.swift in Sources */ = {isa = PBXBuildFile; fileRef = D53E930F2937FF5200AD415C /* Endpoints.swift */; };
		D53E931229380DD800AD415C /* DetailRequest.swift in Sources */ = {isa = PBXBuildFile; fileRef = D53E931129380DD800AD415C /* DetailRequest.swift */; };
		D53E9314293818A500AD415C /* ImageCache.swift in Sources */ = {isa = PBXBuildFile; fileRef = D53E9313293818A500AD415C /* ImageCache.swift */; };
		D53E931629381DB700AD415C /* NextPokemonRequest.swift in Sources */ = {isa = PBXBuildFile; fileRef = D53E931529381DB700AD415C /* NextPokemonRequest.swift */; };
		D53E931A29382C2800AD415C /* DetailView.swift in Sources */ = {isa = PBXBuildFile; fileRef = D53E931929382C2800AD415C /* DetailView.swift */; };
		D53E931C29382C2F00AD415C /* DetailView.xib in Resources */ = {isa = PBXBuildFile; fileRef = D53E931B29382C2F00AD415C /* DetailView.xib */; };
		D542C762265942BA0047CC44 /* StatBar.swift in Sources */ = {isa = PBXBuildFile; fileRef = D542C761265942BA0047CC44 /* StatBar.swift */; };
		D542C766265956E00047CC44 /* StatCell.swift in Sources */ = {isa = PBXBuildFile; fileRef = D542C765265956E00047CC44 /* StatCell.swift */; };
		D5600F512937B5100053E332 /* ViewController.swift in Sources */ = {isa = PBXBuildFile; fileRef = D5600F502937B5100053E332 /* ViewController.swift */; };
		D5600F572937B5160053E332 /* Interactable.swift in Sources */ = {isa = PBXBuildFile; fileRef = D5600F522937B5150053E332 /* Interactable.swift */; };
		D5600F582937B5160053E332 /* Identifiable.swift in Sources */ = {isa = PBXBuildFile; fileRef = D5600F532937B5150053E332 /* Identifiable.swift */; };
		D5600F592937B5160053E332 /* Routable.swift in Sources */ = {isa = PBXBuildFile; fileRef = D5600F542937B5150053E332 /* Routable.swift */; };
		D5600F5A2937B5160053E332 /* ViewModable.swift in Sources */ = {isa = PBXBuildFile; fileRef = D5600F552937B5160053E332 /* ViewModable.swift */; };
		D5600F5B2937B5160053E332 /* TableViewable.swift in Sources */ = {isa = PBXBuildFile; fileRef = D5600F562937B5160053E332 /* TableViewable.swift */; };
		D5600F5E2937B5450053E332 /* TableDataSources.swift in Sources */ = {isa = PBXBuildFile; fileRef = D5600F5D2937B5450053E332 /* TableDataSources.swift */; };
		D5791C3E293A941F00030D44 /* SpinnerFooterView.swift in Sources */ = {isa = PBXBuildFile; fileRef = D5791C3D293A941E00030D44 /* SpinnerFooterView.swift */; };
		D5791C40293AA72D00030D44 /* PokemonContainer.swift in Sources */ = {isa = PBXBuildFile; fileRef = D5791C3F293AA72D00030D44 /* PokemonContainer.swift */; };
		D5791C42293AB04300030D44 /* StatItem.swift in Sources */ = {isa = PBXBuildFile; fileRef = D5791C41293AB04300030D44 /* StatItem.swift */; };
		D5791C44293AB04F00030D44 /* DetailItem.swift in Sources */ = {isa = PBXBuildFile; fileRef = D5791C43293AB04F00030D44 /* DetailItem.swift */; };
		D5791C47293AB08600030D44 /* ItemData.swift in Sources */ = {isa = PBXBuildFile; fileRef = D5791C46293AB08600030D44 /* ItemData.swift */; };
		D5791C4B293AE5BC00030D44 /* HeaderView.swift in Sources */ = {isa = PBXBuildFile; fileRef = D5791C4A293AE5BC00030D44 /* HeaderView.swift */; };
		D5791C4D293AEEFB00030D44 /* CGRect.swift in Sources */ = {isa = PBXBuildFile; fileRef = D5791C4C293AEEFB00030D44 /* CGRect.swift */; };
		D57C6B882643359000A8D829 /* UIScrollView.swift in Sources */ = {isa = PBXBuildFile; fileRef = D57C6B872643359000A8D829 /* UIScrollView.swift */; };
		D57CFDF0267BE6CA00EF31D1 /* Animator.swift in Sources */ = {isa = PBXBuildFile; fileRef = D57CFDEF267BE6CA00EF31D1 /* Animator.swift */; };
		D5846CD4267F6D0100542F8D /* Interaction.swift in Sources */ = {isa = PBXBuildFile; fileRef = D5846CD3267F6D0100542F8D /* Interaction.swift */; };
		D5846CDB26812ADB00542F8D /* HorizontalPanGesture.swift in Sources */ = {isa = PBXBuildFile; fileRef = D5846CDA26812ADB00542F8D /* HorizontalPanGesture.swift */; };
		D58B7468264761180046E7EB /* SearchController.swift in Sources */ = {isa = PBXBuildFile; fileRef = D58B7467264761180046E7EB /* SearchController.swift */; };
		D58F7B3B26530F6600FE841D /* ItemModels.swift in Sources */ = {isa = PBXBuildFile; fileRef = D58F7B3A26530F6600FE841D /* ItemModels.swift */; };
		D58F7B3E26530F8D00FE841D /* APIModels.swift in Sources */ = {isa = PBXBuildFile; fileRef = D58F7B3D26530F8D00FE841D /* APIModels.swift */; };
		D59AE6932938EB0C0072F9A8 /* ItemRequest.swift in Sources */ = {isa = PBXBuildFile; fileRef = D59AE6922938EB0C0072F9A8 /* ItemRequest.swift */; };
		D59AE6952938EEA30072F9A8 /* ItemDetailRequest.swift in Sources */ = {isa = PBXBuildFile; fileRef = D59AE6942938EEA30072F9A8 /* ItemDetailRequest.swift */; };
		D5A8EF90293E8BAF005E134B /* Networking in Frameworks */ = {isa = PBXBuildFile; productRef = D5A8EF8F293E8BAF005E134B /* Networking */; };
		D5BDD3C2267D6AB000F1303F /* CGFloat.swift in Sources */ = {isa = PBXBuildFile; fileRef = D5BDD3C1267D6AB000F1303F /* CGFloat.swift */; };
		D5E28D0C2938C15400C21828 /* ItemListView.xib in Resources */ = {isa = PBXBuildFile; fileRef = D5E28D0B2938C15400C21828 /* ItemListView.xib */; };
		D5E28D0E2938C15A00C21828 /* ItemListView.swift in Sources */ = {isa = PBXBuildFile; fileRef = D5E28D0D2938C15A00C21828 /* ItemListView.swift */; };
/* End PBXBuildFile section */

/* Begin PBXFileReference section */
		6E006F6C26416239009FC152 /* DetailHeaderView.swift */ = {isa = PBXFileReference; lastKnownFileType = sourcecode.swift; path = DetailHeaderView.swift; sourceTree = "<group>"; };
		6E006F732641989D009FC152 /* TabBarController.swift */ = {isa = PBXFileReference; lastKnownFileType = sourcecode.swift; path = TabBarController.swift; sourceTree = "<group>"; };
		6E006F852641C434009FC152 /* ItemListViewModel.swift */ = {isa = PBXFileReference; lastKnownFileType = sourcecode.swift; path = ItemListViewModel.swift; sourceTree = "<group>"; };
		6E006F882641C455009FC152 /* ItemListController.swift */ = {isa = PBXFileReference; lastKnownFileType = sourcecode.swift; path = ItemListController.swift; sourceTree = "<group>"; };
		6E006F8E2641C4B4009FC152 /* ItemListBuilder.swift */ = {isa = PBXFileReference; lastKnownFileType = sourcecode.swift; path = ItemListBuilder.swift; sourceTree = "<group>"; };
		6E170625263C4AF300B67F37 /* UIView.swift */ = {isa = PBXFileReference; lastKnownFileType = sourcecode.swift; path = UIView.swift; sourceTree = "<group>"; };
		6E4752B1263C20E9007888ED /* DetailController.swift */ = {isa = PBXFileReference; lastKnownFileType = sourcecode.swift; path = DetailController.swift; sourceTree = "<group>"; };
		6E4752B4263C2101007888ED /* DetailViewModel.swift */ = {isa = PBXFileReference; lastKnownFileType = sourcecode.swift; path = DetailViewModel.swift; sourceTree = "<group>"; };
		6E55385326406AEC0060C25B /* PokedexViewBuilder.swift */ = {isa = PBXFileReference; lastKnownFileType = sourcecode.swift; path = PokedexViewBuilder.swift; sourceTree = "<group>"; };
		6E55385726406B660060C25B /* DetailBuilder.swift */ = {isa = PBXFileReference; lastKnownFileType = sourcecode.swift; path = DetailBuilder.swift; sourceTree = "<group>"; };
		6E55385B26406BC80060C25B /* PokedexInteractor.swift */ = {isa = PBXFileReference; lastKnownFileType = sourcecode.swift; path = PokedexInteractor.swift; sourceTree = "<group>"; };
		6E55385E26406E530060C25B /* PokedexViewRouter.swift */ = {isa = PBXFileReference; lastKnownFileType = sourcecode.swift; path = PokedexViewRouter.swift; sourceTree = "<group>"; };
		6E55386F26406FDB0060C25B /* Int.swift */ = {isa = PBXFileReference; lastKnownFileType = sourcecode.swift; path = Int.swift; sourceTree = "<group>"; };
		6E806769263BF24300FD38F0 /* SwiftPokedex.app */ = {isa = PBXFileReference; explicitFileType = wrapper.application; includeInIndex = 0; path = SwiftPokedex.app; sourceTree = BUILT_PRODUCTS_DIR; };
		6E80676C263BF24300FD38F0 /* AppDelegate.swift */ = {isa = PBXFileReference; lastKnownFileType = sourcecode.swift; path = AppDelegate.swift; sourceTree = "<group>"; };
		6E80676E263BF24300FD38F0 /* SceneDelegate.swift */ = {isa = PBXFileReference; lastKnownFileType = sourcecode.swift; path = SceneDelegate.swift; sourceTree = "<group>"; };
		6E806775263BF24800FD38F0 /* Assets.xcassets */ = {isa = PBXFileReference; lastKnownFileType = folder.assetcatalog; path = Assets.xcassets; sourceTree = "<group>"; };
		6E806778263BF24800FD38F0 /* Base */ = {isa = PBXFileReference; lastKnownFileType = file.storyboard; name = Base; path = Base.lproj/LaunchScreen.storyboard; sourceTree = "<group>"; };
		6E80677A263BF24800FD38F0 /* Info.plist */ = {isa = PBXFileReference; lastKnownFileType = text.plist.xml; path = Info.plist; sourceTree = "<group>"; };
		6E80678D263BF50900FD38F0 /* UITableView.swift */ = {isa = PBXFileReference; fileEncoding = 4; lastKnownFileType = sourcecode.swift; path = UITableView.swift; sourceTree = "<group>"; };
		6E806791263BF5E200FD38F0 /* PokemonModels.swift */ = {isa = PBXFileReference; fileEncoding = 4; lastKnownFileType = sourcecode.swift; path = PokemonModels.swift; sourceTree = "<group>"; };
		6E9D559C263C003300D0DA9D /* DetailCell.swift */ = {isa = PBXFileReference; lastKnownFileType = sourcecode.swift; path = DetailCell.swift; sourceTree = "<group>"; };
		6EA892262641C5AA00E4F269 /* RegularCell.swift */ = {isa = PBXFileReference; lastKnownFileType = sourcecode.swift; path = RegularCell.swift; sourceTree = "<group>"; };
		6EA8922F2641C8D700E4F269 /* ItemListInteractor.swift */ = {isa = PBXFileReference; lastKnownFileType = sourcecode.swift; path = ItemListInteractor.swift; sourceTree = "<group>"; };
		6EA892322641C8FB00E4F269 /* ItemListRouter.swift */ = {isa = PBXFileReference; lastKnownFileType = sourcecode.swift; path = ItemListRouter.swift; sourceTree = "<group>"; };
		6EC394C0263CC341009A2A2D /* String.swift */ = {isa = PBXFileReference; lastKnownFileType = sourcecode.swift; path = String.swift; sourceTree = "<group>"; };
		6EC5FCCF263CA824005B04ED /* NavigationController.swift */ = {isa = PBXFileReference; lastKnownFileType = sourcecode.swift; path = NavigationController.swift; sourceTree = "<group>"; };
		6EC94FE7263C84D4003E0117 /* PokedexViewModel.swift */ = {isa = PBXFileReference; lastKnownFileType = sourcecode.swift; path = PokedexViewModel.swift; sourceTree = "<group>"; };
		6ED962B92640923500D5F032 /* ItemsController.swift */ = {isa = PBXFileReference; lastKnownFileType = sourcecode.swift; path = ItemsController.swift; sourceTree = "<group>"; };
		6EEA69C0267206920004F7A6 /* UILabel.swift */ = {isa = PBXFileReference; lastKnownFileType = sourcecode.swift; path = UILabel.swift; sourceTree = "<group>"; };
		6EF0F6D92640C08D00C2AED8 /* ItemsViewModel.swift */ = {isa = PBXFileReference; lastKnownFileType = sourcecode.swift; path = ItemsViewModel.swift; sourceTree = "<group>"; };
		6EF0F6DC2640C0BE00C2AED8 /* ItemCell.swift */ = {isa = PBXFileReference; lastKnownFileType = sourcecode.swift; path = ItemCell.swift; sourceTree = "<group>"; };
		6EF0F6DF2640C0F800C2AED8 /* ItemsBuilder.swift */ = {isa = PBXFileReference; lastKnownFileType = sourcecode.swift; path = ItemsBuilder.swift; sourceTree = "<group>"; };
		6EF4633026791E50003B52C5 /* Transition.swift */ = {isa = PBXFileReference; fileEncoding = 4; lastKnownFileType = sourcecode.swift; path = Transition.swift; sourceTree = "<group>"; };
		6EF4633126791E50003B52C5 /* Presentation.swift */ = {isa = PBXFileReference; fileEncoding = 4; lastKnownFileType = sourcecode.swift; path = Presentation.swift; sourceTree = "<group>"; };
		6EFC212A263C7BA7004389D9 /* UICollectionView.swift */ = {isa = PBXFileReference; lastKnownFileType = sourcecode.swift; path = UICollectionView.swift; sourceTree = "<group>"; };
		6EFC2132263C8318004389D9 /* PokedexController.swift */ = {isa = PBXFileReference; lastKnownFileType = sourcecode.swift; path = PokedexController.swift; sourceTree = "<group>"; };
		6EFC2138263C844F004389D9 /* PokedexCell.swift */ = {isa = PBXFileReference; lastKnownFileType = sourcecode.swift; path = PokedexCell.swift; sourceTree = "<group>"; };
		6EFE1973263C8BB700FD0A19 /* UIColor.swift */ = {isa = PBXFileReference; lastKnownFileType = sourcecode.swift; path = UIColor.swift; sourceTree = "<group>"; };
		6EFE1976263C8F0400FD0A19 /* UIImageColors.swift */ = {isa = PBXFileReference; lastKnownFileType = sourcecode.swift; path = UIImageColors.swift; sourceTree = "<group>"; };
		6EFE197A263CA09E00FD0A19 /* pixelmix.ttf */ = {isa = PBXFileReference; lastKnownFileType = file; path = pixelmix.ttf; sourceTree = "<group>"; };
		6EFE197D263CA0FC00FD0A19 /* UIFont.swift */ = {isa = PBXFileReference; lastKnownFileType = sourcecode.swift; path = UIFont.swift; sourceTree = "<group>"; };
		D5031468293BCCC500581E7F /* ImageView.swift */ = {isa = PBXFileReference; lastKnownFileType = sourcecode.swift; path = ImageView.swift; sourceTree = "<group>"; };
		D503146A293BCE9700581E7F /* InteractableTransition.swift */ = {isa = PBXFileReference; lastKnownFileType = sourcecode.swift; path = InteractableTransition.swift; sourceTree = "<group>"; };
		D503146C293BCEE300581E7F /* PresentableView.swift */ = {isa = PBXFileReference; lastKnownFileType = sourcecode.swift; path = PresentableView.swift; sourceTree = "<group>"; };
		D51C2CE12938FA150081B053 /* Array.swift */ = {isa = PBXFileReference; lastKnownFileType = sourcecode.swift; path = Array.swift; sourceTree = "<group>"; };
		D51C2CE7293A34C40081B053 /* ItemsView.swift */ = {isa = PBXFileReference; lastKnownFileType = sourcecode.swift; path = ItemsView.swift; sourceTree = "<group>"; };
		D51C2CE9293A34FF0081B053 /* ItemsView.xib */ = {isa = PBXFileReference; lastKnownFileType = file.xib; path = ItemsView.xib; sourceTree = "<group>"; };
		D53366A926486E8D00B5825D /* Collection.swift */ = {isa = PBXFileReference; lastKnownFileType = sourcecode.swift; path = Collection.swift; sourceTree = "<group>"; };
		D53E92FC2937B61400AD415C /* PokedexView.swift */ = {isa = PBXFileReference; lastKnownFileType = sourcecode.swift; path = PokedexView.swift; sourceTree = "<group>"; };
		D53E92FE2937B61C00AD415C /* PokedexView.xib */ = {isa = PBXFileReference; lastKnownFileType = file.xib; path = PokedexView.xib; sourceTree = "<group>"; };
		D53E93002937B6D400AD415C /* UINib.swift */ = {isa = PBXFileReference; fileEncoding = 4; lastKnownFileType = sourcecode.swift; path = UINib.swift; sourceTree = "<group>"; };
		D53E93042937B86900AD415C /* CollectionViewable.swift */ = {isa = PBXFileReference; fileEncoding = 4; lastKnownFileType = sourcecode.swift; path = CollectionViewable.swift; sourceTree = "<group>"; };
		D53E93062937B8A900AD415C /* CollectionDataSources.swift */ = {isa = PBXFileReference; fileEncoding = 4; lastKnownFileType = sourcecode.swift; path = CollectionDataSources.swift; sourceTree = "<group>"; };
		D53E93082937B8FB00AD415C /* CollectionViewLayout.swift */ = {isa = PBXFileReference; fileEncoding = 4; lastKnownFileType = sourcecode.swift; path = CollectionViewLayout.swift; sourceTree = "<group>"; };
		D53E930D2937FEE700AD415C /* PokemonRequest.swift */ = {isa = PBXFileReference; lastKnownFileType = sourcecode.swift; path = PokemonRequest.swift; sourceTree = "<group>"; };
		D53E930F2937FF5200AD415C /* Endpoints.swift */ = {isa = PBXFileReference; lastKnownFileType = sourcecode.swift; path = Endpoints.swift; sourceTree = "<group>"; };
		D53E931129380DD800AD415C /* DetailRequest.swift */ = {isa = PBXFileReference; lastKnownFileType = sourcecode.swift; path = DetailRequest.swift; sourceTree = "<group>"; };
		D53E9313293818A500AD415C /* ImageCache.swift */ = {isa = PBXFileReference; fileEncoding = 4; lastKnownFileType = sourcecode.swift; path = ImageCache.swift; sourceTree = "<group>"; };
		D53E931529381DB700AD415C /* NextPokemonRequest.swift */ = {isa = PBXFileReference; lastKnownFileType = sourcecode.swift; path = NextPokemonRequest.swift; sourceTree = "<group>"; };
		D53E931929382C2800AD415C /* DetailView.swift */ = {isa = PBXFileReference; lastKnownFileType = sourcecode.swift; path = DetailView.swift; sourceTree = "<group>"; };
		D53E931B29382C2F00AD415C /* DetailView.xib */ = {isa = PBXFileReference; lastKnownFileType = file.xib; path = DetailView.xib; sourceTree = "<group>"; };
		D542C761265942BA0047CC44 /* StatBar.swift */ = {isa = PBXFileReference; lastKnownFileType = sourcecode.swift; path = StatBar.swift; sourceTree = "<group>"; };
		D542C765265956E00047CC44 /* StatCell.swift */ = {isa = PBXFileReference; lastKnownFileType = sourcecode.swift; path = StatCell.swift; sourceTree = "<group>"; };
		D5600F502937B5100053E332 /* ViewController.swift */ = {isa = PBXFileReference; fileEncoding = 4; lastKnownFileType = sourcecode.swift; path = ViewController.swift; sourceTree = "<group>"; };
		D5600F522937B5150053E332 /* Interactable.swift */ = {isa = PBXFileReference; fileEncoding = 4; lastKnownFileType = sourcecode.swift; path = Interactable.swift; sourceTree = "<group>"; };
		D5600F532937B5150053E332 /* Identifiable.swift */ = {isa = PBXFileReference; fileEncoding = 4; lastKnownFileType = sourcecode.swift; path = Identifiable.swift; sourceTree = "<group>"; };
		D5600F542937B5150053E332 /* Routable.swift */ = {isa = PBXFileReference; fileEncoding = 4; lastKnownFileType = sourcecode.swift; path = Routable.swift; sourceTree = "<group>"; };
		D5600F552937B5160053E332 /* ViewModable.swift */ = {isa = PBXFileReference; fileEncoding = 4; lastKnownFileType = sourcecode.swift; path = ViewModable.swift; sourceTree = "<group>"; };
		D5600F562937B5160053E332 /* TableViewable.swift */ = {isa = PBXFileReference; fileEncoding = 4; lastKnownFileType = sourcecode.swift; path = TableViewable.swift; sourceTree = "<group>"; };
		D5600F5D2937B5450053E332 /* TableDataSources.swift */ = {isa = PBXFileReference; fileEncoding = 4; lastKnownFileType = sourcecode.swift; path = TableDataSources.swift; sourceTree = "<group>"; };
		D5791C3D293A941E00030D44 /* SpinnerFooterView.swift */ = {isa = PBXFileReference; lastKnownFileType = sourcecode.swift; path = SpinnerFooterView.swift; sourceTree = "<group>"; };
		D5791C3F293AA72D00030D44 /* PokemonContainer.swift */ = {isa = PBXFileReference; lastKnownFileType = sourcecode.swift; path = PokemonContainer.swift; sourceTree = "<group>"; };
		D5791C41293AB04300030D44 /* StatItem.swift */ = {isa = PBXFileReference; lastKnownFileType = sourcecode.swift; path = StatItem.swift; sourceTree = "<group>"; };
		D5791C43293AB04F00030D44 /* DetailItem.swift */ = {isa = PBXFileReference; lastKnownFileType = sourcecode.swift; path = DetailItem.swift; sourceTree = "<group>"; };
		D5791C46293AB08600030D44 /* ItemData.swift */ = {isa = PBXFileReference; lastKnownFileType = sourcecode.swift; path = ItemData.swift; sourceTree = "<group>"; };
		D5791C4A293AE5BC00030D44 /* HeaderView.swift */ = {isa = PBXFileReference; lastKnownFileType = sourcecode.swift; path = HeaderView.swift; sourceTree = "<group>"; };
		D5791C4C293AEEFB00030D44 /* CGRect.swift */ = {isa = PBXFileReference; lastKnownFileType = sourcecode.swift; path = CGRect.swift; sourceTree = "<group>"; };
		D57C6B872643359000A8D829 /* UIScrollView.swift */ = {isa = PBXFileReference; lastKnownFileType = sourcecode.swift; path = UIScrollView.swift; sourceTree = "<group>"; };
		D57CFDEF267BE6CA00EF31D1 /* Animator.swift */ = {isa = PBXFileReference; fileEncoding = 4; lastKnownFileType = sourcecode.swift; path = Animator.swift; sourceTree = "<group>"; };
		D5846CD3267F6D0100542F8D /* Interaction.swift */ = {isa = PBXFileReference; lastKnownFileType = sourcecode.swift; path = Interaction.swift; sourceTree = "<group>"; };
		D5846CDA26812ADB00542F8D /* HorizontalPanGesture.swift */ = {isa = PBXFileReference; lastKnownFileType = sourcecode.swift; path = HorizontalPanGesture.swift; sourceTree = "<group>"; };
		D58B7467264761180046E7EB /* SearchController.swift */ = {isa = PBXFileReference; lastKnownFileType = sourcecode.swift; path = SearchController.swift; sourceTree = "<group>"; };
		D58F7B3A26530F6600FE841D /* ItemModels.swift */ = {isa = PBXFileReference; lastKnownFileType = sourcecode.swift; path = ItemModels.swift; sourceTree = "<group>"; };
		D58F7B3D26530F8D00FE841D /* APIModels.swift */ = {isa = PBXFileReference; lastKnownFileType = sourcecode.swift; path = APIModels.swift; sourceTree = "<group>"; };
		D59AE6922938EB0C0072F9A8 /* ItemRequest.swift */ = {isa = PBXFileReference; lastKnownFileType = sourcecode.swift; path = ItemRequest.swift; sourceTree = "<group>"; };
		D59AE6942938EEA30072F9A8 /* ItemDetailRequest.swift */ = {isa = PBXFileReference; lastKnownFileType = sourcecode.swift; path = ItemDetailRequest.swift; sourceTree = "<group>"; };
		D5BDD3C1267D6AB000F1303F /* CGFloat.swift */ = {isa = PBXFileReference; lastKnownFileType = sourcecode.swift; path = CGFloat.swift; sourceTree = "<group>"; };
		D5E28D0B2938C15400C21828 /* ItemListView.xib */ = {isa = PBXFileReference; lastKnownFileType = file.xib; path = ItemListView.xib; sourceTree = "<group>"; };
		D5E28D0D2938C15A00C21828 /* ItemListView.swift */ = {isa = PBXFileReference; lastKnownFileType = sourcecode.swift; path = ItemListView.swift; sourceTree = "<group>"; };
/* End PBXFileReference section */

/* Begin PBXFrameworksBuildPhase section */
		6E806766263BF24300FD38F0 /* Frameworks */ = {
			isa = PBXFrameworksBuildPhase;
			buildActionMask = 2147483647;
			files = (
				D5A8EF90293E8BAF005E134B /* Networking in Frameworks */,
			);
			runOnlyForDeploymentPostprocessing = 0;
		};
/* End PBXFrameworksBuildPhase section */

/* Begin PBXGroup section */
		6E006F8B2641C46F009FC152 /* ListView */ = {
			isa = PBXGroup;
			children = (
				6E006F912641C4BC009FC152 /* Builder */,
				6EA892352641C98F00E4F269 /* Interactor */,
				6ECA09812641CAF000308F39 /* Router */,
				6E006F8C2641C47C009FC152 /* View */,
			);
			path = ListView;
			sourceTree = "<group>";
		};
		6E006F8C2641C47C009FC152 /* View */ = {
			isa = PBXGroup;
			children = (
				6E006F882641C455009FC152 /* ItemListController.swift */,
				6E006F852641C434009FC152 /* ItemListViewModel.swift */,
				D5E28D0D2938C15A00C21828 /* ItemListView.swift */,
				D5E28D0B2938C15400C21828 /* ItemListView.xib */,
				D5791C48293AB08D00030D44 /* Model */,
				D5791C49293AB09300030D44 /* Cell */,
			);
			path = View;
			sourceTree = "<group>";
		};
		6E006F912641C4BC009FC152 /* Builder */ = {
			isa = PBXGroup;
			children = (
				6E006F8E2641C4B4009FC152 /* ItemListBuilder.swift */,
			);
			path = Builder;
			sourceTree = "<group>";
		};
		6E17061A263C22D300B67F37 /* DetailView */ = {
			isa = PBXGroup;
			children = (
				6E55386826406EB20060C25B /* Builder */,
				6E55386A26406EB90060C25B /* View */,
			);
			path = DetailView;
			sourceTree = "<group>";
		};
		6E24A838263C11780013F7E4 /* Extensions */ = {
			isa = PBXGroup;
			children = (
				6EFC212A263C7BA7004389D9 /* UICollectionView.swift */,
				6EFE1976263C8F0400FD0A19 /* UIImageColors.swift */,
				D57C6B872643359000A8D829 /* UIScrollView.swift */,
				6E80678D263BF50900FD38F0 /* UITableView.swift */,
				D53366A926486E8D00B5825D /* Collection.swift */,
				D5BDD3C1267D6AB000F1303F /* CGFloat.swift */,
				D5791C4C293AEEFB00030D44 /* CGRect.swift */,
				6EEA69C0267206920004F7A6 /* UILabel.swift */,
				6EFE1973263C8BB700FD0A19 /* UIColor.swift */,
				6E170625263C4AF300B67F37 /* UIView.swift */,
				6EFE197D263CA0FC00FD0A19 /* UIFont.swift */,
				6EC394C0263CC341009A2A2D /* String.swift */,
				D51C2CE12938FA150081B053 /* Array.swift */,
				D53E93002937B6D400AD415C /* UINib.swift */,
				6E55386F26406FDB0060C25B /* Int.swift */,
			);
			path = Extensions;
			sourceTree = "<group>";
		};
		6E24A83E263C11C10013F7E4 /* Pokemon */ = {
			isa = PBXGroup;
			children = (
				D53E931529381DB700AD415C /* NextPokemonRequest.swift */,
				D53E930D2937FEE700AD415C /* PokemonRequest.swift */,
				6E806791263BF5E200FD38F0 /* PokemonModels.swift */,
				D53E931129380DD800AD415C /* DetailRequest.swift */,
			);
			path = Pokemon;
			sourceTree = "<group>";
		};
		6E55386126406E690060C25B /* Builder */ = {
			isa = PBXGroup;
			children = (
				6E55385326406AEC0060C25B /* PokedexViewBuilder.swift */,
			);
			path = Builder;
			sourceTree = "<group>";
		};
		6E55386326406E700060C25B /* View */ = {
			isa = PBXGroup;
			children = (
				6EFC2132263C8318004389D9 /* PokedexController.swift */,
				6EC94FE7263C84D4003E0117 /* PokedexViewModel.swift */,
				D5791C3F293AA72D00030D44 /* PokemonContainer.swift */,
				D53E92FC2937B61400AD415C /* PokedexView.swift */,
				D53E92FE2937B61C00AD415C /* PokedexView.xib */,
				6EFC2138263C844F004389D9 /* PokedexCell.swift */,
			);
			path = View;
			sourceTree = "<group>";
		};
		6E55386426406E770060C25B /* Interactor */ = {
			isa = PBXGroup;
			children = (
				6E55385B26406BC80060C25B /* PokedexInteractor.swift */,
			);
			path = Interactor;
			sourceTree = "<group>";
		};
		6E55386626406E7C0060C25B /* Router */ = {
			isa = PBXGroup;
			children = (
				6E55385E26406E530060C25B /* PokedexViewRouter.swift */,
			);
			path = Router;
			sourceTree = "<group>";
		};
		6E55386826406EB20060C25B /* Builder */ = {
			isa = PBXGroup;
			children = (
				6E55385726406B660060C25B /* DetailBuilder.swift */,
			);
			path = Builder;
			sourceTree = "<group>";
		};
		6E55386A26406EB90060C25B /* View */ = {
			isa = PBXGroup;
			children = (
				6E4752B1263C20E9007888ED /* DetailController.swift */,
				6E4752B4263C2101007888ED /* DetailViewModel.swift */,
				6E006F6C26416239009FC152 /* DetailHeaderView.swift */,
				D53E931929382C2800AD415C /* DetailView.swift */,
				D53E931B29382C2F00AD415C /* DetailView.xib */,
				D5791C45293AB05400030D44 /* Models */,
				D53E931F29384F3A00AD415C /* Cells */,
			);
			path = View;
			sourceTree = "<group>";
		};
		6E55386D26406FA10060C25B /* CustomUI */ = {
			isa = PBXGroup;
			children = (
				6EC5FCCF263CA824005B04ED /* NavigationController.swift */,
				D5791C3D293A941E00030D44 /* SpinnerFooterView.swift */,
				6E006F732641989D009FC152 /* TabBarController.swift */,
				D58B7467264761180046E7EB /* SearchController.swift */,
				D5600F502937B5100053E332 /* ViewController.swift */,
				D542C761265942BA0047CC44 /* StatBar.swift */,
			);
			path = CustomUI;
			sourceTree = "<group>";
		};
		6E806760263BF24300FD38F0 = {
			isa = PBXGroup;
			children = (
				6E80676B263BF24300FD38F0 /* SwiftPokedex */,
				6E80676A263BF24300FD38F0 /* Products */,
			);
			sourceTree = "<group>";
		};
		6E80676A263BF24300FD38F0 /* Products */ = {
			isa = PBXGroup;
			children = (
				6E806769263BF24300FD38F0 /* SwiftPokedex.app */,
			);
			name = Products;
			sourceTree = "<group>";
		};
		6E80676B263BF24300FD38F0 /* SwiftPokedex */ = {
			isa = PBXGroup;
			children = (
				D51C2CE3293901130081B053 /* App */,
				6E9D559A263BFE1500D0DA9D /* Views */,
				6E806798263BF5E600FD38F0 /* PokeAPI */,
				D51C2CE42939014D0081B053 /* Miscellaneous */,
				6E55386D26406FA10060C25B /* CustomUI */,
				6E24A838263C11780013F7E4 /* Extensions */,
				6E806775263BF24800FD38F0 /* Assets.xcassets */,
				6E806777263BF24800FD38F0 /* LaunchScreen.storyboard */,
				6EFE197A263CA09E00FD0A19 /* pixelmix.ttf */,
				6E80677A263BF24800FD38F0 /* Info.plist */,
			);
			path = SwiftPokedex;
			sourceTree = "<group>";
		};
		6E806798263BF5E600FD38F0 /* PokeAPI */ = {
			isa = PBXGroup;
			children = (
				D58F7B3D26530F8D00FE841D /* APIModels.swift */,
				D53E930F2937FF5200AD415C /* Endpoints.swift */,
				6E24A83E263C11C10013F7E4 /* Pokemon */,
				D58F7B4426530FAB00FE841D /* Items */,
			);
			path = PokeAPI;
			sourceTree = "<group>";
		};
		6E9D559A263BFE1500D0DA9D /* Views */ = {
			isa = PBXGroup;
			children = (
				6EC94FEA263C854B003E0117 /* PokedexView */,
				6E17061A263C22D300B67F37 /* DetailView */,
				6E006F8B2641C46F009FC152 /* ListView */,
				6EF0F6E42640C11B00C2AED8 /* ItemsView */,
			);
			path = Views;
			sourceTree = "<group>";
		};
		6EA892352641C98F00E4F269 /* Interactor */ = {
			isa = PBXGroup;
			children = (
				6EA8922F2641C8D700E4F269 /* ItemListInteractor.swift */,
			);
			path = Interactor;
			sourceTree = "<group>";
		};
		6EC94FEA263C854B003E0117 /* PokedexView */ = {
			isa = PBXGroup;
			children = (
				6E55386126406E690060C25B /* Builder */,
				6E55386426406E770060C25B /* Interactor */,
				6E55386626406E7C0060C25B /* Router */,
				6E55386326406E700060C25B /* View */,
			);
			path = PokedexView;
			sourceTree = "<group>";
		};
		6ECA09812641CAF000308F39 /* Router */ = {
			isa = PBXGroup;
			children = (
				6EA892322641C8FB00E4F269 /* ItemListRouter.swift */,
			);
			path = Router;
			sourceTree = "<group>";
		};
		6EF0F6E22640C10200C2AED8 /* Builder */ = {
			isa = PBXGroup;
			children = (
				6EF0F6DF2640C0F800C2AED8 /* ItemsBuilder.swift */,
			);
			path = Builder;
			sourceTree = "<group>";
		};
		6EF0F6E32640C11400C2AED8 /* View */ = {
			isa = PBXGroup;
			children = (
				6ED962B92640923500D5F032 /* ItemsController.swift */,
				6EF0F6D92640C08D00C2AED8 /* ItemsViewModel.swift */,
				D51C2CE7293A34C40081B053 /* ItemsView.swift */,
				D51C2CE9293A34FF0081B053 /* ItemsView.xib */,
				6EF0F6DC2640C0BE00C2AED8 /* ItemCell.swift */,
			);
			path = View;
			sourceTree = "<group>";
		};
		6EF0F6E42640C11B00C2AED8 /* ItemsView */ = {
			isa = PBXGroup;
			children = (
				6EF0F6E22640C10200C2AED8 /* Builder */,
				6EF0F6E32640C11400C2AED8 /* View */,
			);
			path = ItemsView;
			sourceTree = "<group>";
		};
		D51C2CE3293901130081B053 /* App */ = {
			isa = PBXGroup;
			children = (
				6E80676C263BF24300FD38F0 /* AppDelegate.swift */,
				6E80676E263BF24300FD38F0 /* SceneDelegate.swift */,
			);
			path = App;
			sourceTree = "<group>";
		};
		D51C2CE42939014D0081B053 /* Miscellaneous */ = {
			isa = PBXGroup;
			children = (
				D53E93062937B8A900AD415C /* CollectionDataSources.swift */,
				D5846CDA26812ADB00542F8D /* HorizontalPanGesture.swift */,
				D53E93082937B8FB00AD415C /* CollectionViewLayout.swift */,
				D5600F5D2937B5450053E332 /* TableDataSources.swift */,
				D5F4D4B62679898D0052C79C /* CustomTransition */,
				D53E9313293818A500AD415C /* ImageCache.swift */,
				D5600F5C2937B5180053E332 /* Protocols */,
			);
			path = Miscellaneous;
			sourceTree = "<group>";
		};
		D53E931F29384F3A00AD415C /* Cells */ = {
			isa = PBXGroup;
			children = (
				6E9D559C263C003300D0DA9D /* DetailCell.swift */,
				D542C765265956E00047CC44 /* StatCell.swift */,
			);
			path = Cells;
			sourceTree = "<group>";
		};
		D5600F5C2937B5180053E332 /* Protocols */ = {
			isa = PBXGroup;
			children = (
				D53E93042937B86900AD415C /* CollectionViewable.swift */,
				D5600F562937B5160053E332 /* TableViewable.swift */,
				D5600F552937B5160053E332 /* ViewModable.swift */,
				D5600F522937B5150053E332 /* Interactable.swift */,
				D5600F532937B5150053E332 /* Identifiable.swift */,
				D5600F542937B5150053E332 /* Routable.swift */,
			);
			path = Protocols;
			sourceTree = "<group>";
		};
		D5791C45293AB05400030D44 /* Models */ = {
			isa = PBXGroup;
			children = (
				D5791C43293AB04F00030D44 /* DetailItem.swift */,
				D5791C41293AB04300030D44 /* StatItem.swift */,
			);
			path = Models;
			sourceTree = "<group>";
		};
		D5791C48293AB08D00030D44 /* Model */ = {
			isa = PBXGroup;
			children = (
				D5791C46293AB08600030D44 /* ItemData.swift */,
			);
			path = Model;
			sourceTree = "<group>";
		};
		D5791C49293AB09300030D44 /* Cell */ = {
			isa = PBXGroup;
			children = (
				6EA892262641C5AA00E4F269 /* RegularCell.swift */,
			);
			path = Cell;
			sourceTree = "<group>";
		};
		D58F7B4426530FAB00FE841D /* Items */ = {
			isa = PBXGroup;
			children = (
				D59AE6942938EEA30072F9A8 /* ItemDetailRequest.swift */,
				D59AE6922938EB0C0072F9A8 /* ItemRequest.swift */,
				D58F7B3A26530F6600FE841D /* ItemModels.swift */,
			);
			path = Items;
			sourceTree = "<group>";
		};
		D5F4D4B62679898D0052C79C /* CustomTransition */ = {
			isa = PBXGroup;
			children = (
				D503146A293BCE9700581E7F /* InteractableTransition.swift */,
				D503146C293BCEE300581E7F /* PresentableView.swift */,
				6EF4633126791E50003B52C5 /* Presentation.swift */,
				D5791C4A293AE5BC00030D44 /* HeaderView.swift */,
				D5031468293BCCC500581E7F /* ImageView.swift */,
				D5846CD3267F6D0100542F8D /* Interaction.swift */,
				6EF4633026791E50003B52C5 /* Transition.swift */,
				D57CFDEF267BE6CA00EF31D1 /* Animator.swift */,
			);
			path = CustomTransition;
			sourceTree = "<group>";
		};
/* End PBXGroup section */

/* Begin PBXNativeTarget section */
		6E806768263BF24300FD38F0 /* SwiftPokedex */ = {
			isa = PBXNativeTarget;
			buildConfigurationList = 6E80677D263BF24800FD38F0 /* Build configuration list for PBXNativeTarget "SwiftPokedex" */;
			buildPhases = (
				6E806765263BF24300FD38F0 /* Sources */,
				6E806766263BF24300FD38F0 /* Frameworks */,
				6E806767263BF24300FD38F0 /* Resources */,
			);
			buildRules = (
			);
			dependencies = (
			);
			name = SwiftPokedex;
			packageProductDependencies = (
				D5A8EF8F293E8BAF005E134B /* Networking */,
			);
			productName = CombineSample;
			productReference = 6E806769263BF24300FD38F0 /* SwiftPokedex.app */;
			productType = "com.apple.product-type.application";
		};
/* End PBXNativeTarget section */

/* Begin PBXProject section */
		6E806761263BF24300FD38F0 /* Project object */ = {
			isa = PBXProject;
			attributes = {
				LastSwiftUpdateCheck = 1240;
				LastUpgradeCheck = 1240;
				TargetAttributes = {
					6E806768263BF24300FD38F0 = {
						CreatedOnToolsVersion = 12.4;
					};
				};
			};
			buildConfigurationList = 6E806764263BF24300FD38F0 /* Build configuration list for PBXProject "SwiftPokedex" */;
			compatibilityVersion = "Xcode 9.3";
			developmentRegion = en;
			hasScannedForEncodings = 0;
			knownRegions = (
				en,
				Base,
			);
			mainGroup = 6E806760263BF24300FD38F0;
			packageReferences = (
				D5A8EF8E293E8BAF005E134B /* XCRemoteSwiftPackageReference "Networking" */,
			);
			productRefGroup = 6E80676A263BF24300FD38F0 /* Products */;
			projectDirPath = "";
			projectRoot = "";
			targets = (
				6E806768263BF24300FD38F0 /* SwiftPokedex */,
			);
		};
/* End PBXProject section */

/* Begin PBXResourcesBuildPhase section */
		6E806767263BF24300FD38F0 /* Resources */ = {
			isa = PBXResourcesBuildPhase;
			buildActionMask = 2147483647;
			files = (
				6E806779263BF24800FD38F0 /* LaunchScreen.storyboard in Resources */,
				D51C2CEA293A34FF0081B053 /* ItemsView.xib in Resources */,
				6E806776263BF24800FD38F0 /* Assets.xcassets in Resources */,
				D5E28D0C2938C15400C21828 /* ItemListView.xib in Resources */,
				6EC5FCC4263CA370005B04ED /* pixelmix.ttf in Resources */,
				D53E92FF2937B61C00AD415C /* PokedexView.xib in Resources */,
				D53E931C29382C2F00AD415C /* DetailView.xib in Resources */,
			);
			runOnlyForDeploymentPostprocessing = 0;
		};
/* End PBXResourcesBuildPhase section */

/* Begin PBXSourcesBuildPhase section */
		6E806765263BF24300FD38F0 /* Sources */ = {
			isa = PBXSourcesBuildPhase;
			buildActionMask = 2147483647;
			files = (
				D58B7468264761180046E7EB /* SearchController.swift in Sources */,
				6EA892332641C8FB00E4F269 /* ItemListRouter.swift in Sources */,
				D542C766265956E00047CC44 /* StatCell.swift in Sources */,
				6E006F862641C434009FC152 /* ItemListViewModel.swift in Sources */,
				6EC5FCD0263CA824005B04ED /* NavigationController.swift in Sources */,
				6E4752B2263C20E9007888ED /* DetailController.swift in Sources */,
				D5600F5E2937B5450053E332 /* TableDataSources.swift in Sources */,
				D5791C40293AA72D00030D44 /* PokemonContainer.swift in Sources */,
				D5031469293BCCC500581E7F /* ImageView.swift in Sources */,
				6EFE197E263CA0FC00FD0A19 /* UIFont.swift in Sources */,
				6EEA69C1267206920004F7A6 /* UILabel.swift in Sources */,
				6EFE1977263C8F0400FD0A19 /* UIImageColors.swift in Sources */,
				6EF4633526791E50003B52C5 /* Presentation.swift in Sources */,
				6E55387026406FDB0060C25B /* Int.swift in Sources */,
				D5791C4D293AEEFB00030D44 /* CGRect.swift in Sources */,
				D5846CD4267F6D0100542F8D /* Interaction.swift in Sources */,
				6EA892272641C5AA00E4F269 /* RegularCell.swift in Sources */,
				6E80676D263BF24300FD38F0 /* AppDelegate.swift in Sources */,
				6E9D559D263C003300D0DA9D /* DetailCell.swift in Sources */,
				D51C2CE22938FA150081B053 /* Array.swift in Sources */,
				6E806794263BF5E200FD38F0 /* PokemonModels.swift in Sources */,
				6E006F6D26416239009FC152 /* DetailHeaderView.swift in Sources */,
				D5E28D0E2938C15A00C21828 /* ItemListView.swift in Sources */,
				D57CFDF0267BE6CA00EF31D1 /* Animator.swift in Sources */,
				D5791C47293AB08600030D44 /* ItemData.swift in Sources */,
				D53E931629381DB700AD415C /* NextPokemonRequest.swift in Sources */,
				6EFC2133263C8318004389D9 /* PokedexController.swift in Sources */,
				D5600F512937B5100053E332 /* ViewController.swift in Sources */,
				D58F7B3B26530F6600FE841D /* ItemModels.swift in Sources */,
				D5BDD3C2267D6AB000F1303F /* CGFloat.swift in Sources */,
				D5791C44293AB04F00030D44 /* DetailItem.swift in Sources */,
				D5600F5B2937B5160053E332 /* TableViewable.swift in Sources */,
				6E006F742641989D009FC152 /* TabBarController.swift in Sources */,
				6E55385F26406E530060C25B /* PokedexViewRouter.swift in Sources */,
				6E80676F263BF24300FD38F0 /* SceneDelegate.swift in Sources */,
				D58F7B3E26530F8D00FE841D /* APIModels.swift in Sources */,
				6EF0F6E02640C0F800C2AED8 /* ItemsBuilder.swift in Sources */,
				6EFC212B263C7BA7004389D9 /* UICollectionView.swift in Sources */,
				6EA892302641C8D700E4F269 /* ItemListInteractor.swift in Sources */,
				6E55385C26406BC80060C25B /* PokedexInteractor.swift in Sources */,
				D53E931229380DD800AD415C /* DetailRequest.swift in Sources */,
				6EC394C1263CC341009A2A2D /* String.swift in Sources */,
				D53E9314293818A500AD415C /* ImageCache.swift in Sources */,
				6E006F8F2641C4B4009FC152 /* ItemListBuilder.swift in Sources */,
				D53E93102937FF5200AD415C /* Endpoints.swift in Sources */,
				6ED962BA2640923500D5F032 /* ItemsController.swift in Sources */,
				D5600F572937B5160053E332 /* Interactable.swift in Sources */,
				D53E930E2937FEE700AD415C /* PokemonRequest.swift in Sources */,
				6EF0F6DD2640C0BE00C2AED8 /* ItemCell.swift in Sources */,
				D5600F592937B5160053E332 /* Routable.swift in Sources */,
				D53366AA26486E8D00B5825D /* Collection.swift in Sources */,
				6E55385826406B660060C25B /* DetailBuilder.swift in Sources */,
				D53E93072937B8A900AD415C /* CollectionDataSources.swift in Sources */,
				D5600F582937B5160053E332 /* Identifiable.swift in Sources */,
				D53E92FD2937B61400AD415C /* PokedexView.swift in Sources */,
				D542C762265942BA0047CC44 /* StatBar.swift in Sources */,
				6E4752B5263C2101007888ED /* DetailViewModel.swift in Sources */,
				6EFE1974263C8BB700FD0A19 /* UIColor.swift in Sources */,
				6E80678E263BF50900FD38F0 /* UITableView.swift in Sources */,
				6E170626263C4AF300B67F37 /* UIView.swift in Sources */,
				D5791C42293AB04300030D44 /* StatItem.swift in Sources */,
				6E55385426406AEC0060C25B /* PokedexViewBuilder.swift in Sources */,
				6EC94FE8263C84D4003E0117 /* PokedexViewModel.swift in Sources */,
				D53E93022937B6D400AD415C /* UINib.swift in Sources */,
				D5791C4B293AE5BC00030D44 /* HeaderView.swift in Sources */,
				D5846CDB26812ADB00542F8D /* HorizontalPanGesture.swift in Sources */,
				D503146D293BCEE300581E7F /* PresentableView.swift in Sources */,
				D59AE6952938EEA30072F9A8 /* ItemDetailRequest.swift in Sources */,
				D51C2CE8293A34C40081B053 /* ItemsView.swift in Sources */,
				6EFC2139263C844F004389D9 /* PokedexCell.swift in Sources */,
				D503146B293BCE9700581E7F /* InteractableTransition.swift in Sources */,
				D53E93052937B86900AD415C /* CollectionViewable.swift in Sources */,
				D53E931A29382C2800AD415C /* DetailView.swift in Sources */,
				D53E93092937B8FB00AD415C /* CollectionViewLayout.swift in Sources */,
				D59AE6932938EB0C0072F9A8 /* ItemRequest.swift in Sources */,
				D5600F5A2937B5160053E332 /* ViewModable.swift in Sources */,
				D5791C3E293A941F00030D44 /* SpinnerFooterView.swift in Sources */,
				6EF0F6DA2640C08D00C2AED8 /* ItemsViewModel.swift in Sources */,
				D57C6B882643359000A8D829 /* UIScrollView.swift in Sources */,
				6EF4633426791E50003B52C5 /* Transition.swift in Sources */,
				6E006F892641C455009FC152 /* ItemListController.swift in Sources */,
			);
			runOnlyForDeploymentPostprocessing = 0;
		};
/* End PBXSourcesBuildPhase section */

/* Begin PBXVariantGroup section */
		6E806777263BF24800FD38F0 /* LaunchScreen.storyboard */ = {
			isa = PBXVariantGroup;
			children = (
				6E806778263BF24800FD38F0 /* Base */,
			);
			name = LaunchScreen.storyboard;
			sourceTree = "<group>";
		};
/* End PBXVariantGroup section */

/* Begin XCBuildConfiguration section */
		6E80677B263BF24800FD38F0 /* Debug */ = {
			isa = XCBuildConfiguration;
			buildSettings = {
				ALWAYS_SEARCH_USER_PATHS = NO;
				CLANG_ANALYZER_NONNULL = YES;
				CLANG_ANALYZER_NUMBER_OBJECT_CONVERSION = YES_AGGRESSIVE;
				CLANG_CXX_LANGUAGE_STANDARD = "gnu++14";
				CLANG_CXX_LIBRARY = "libc++";
				CLANG_ENABLE_MODULES = YES;
				CLANG_ENABLE_OBJC_ARC = YES;
				CLANG_ENABLE_OBJC_WEAK = YES;
				CLANG_WARN_BLOCK_CAPTURE_AUTORELEASING = YES;
				CLANG_WARN_BOOL_CONVERSION = YES;
				CLANG_WARN_COMMA = YES;
				CLANG_WARN_CONSTANT_CONVERSION = YES;
				CLANG_WARN_DEPRECATED_OBJC_IMPLEMENTATIONS = YES;
				CLANG_WARN_DIRECT_OBJC_ISA_USAGE = YES_ERROR;
				CLANG_WARN_DOCUMENTATION_COMMENTS = YES;
				CLANG_WARN_EMPTY_BODY = YES;
				CLANG_WARN_ENUM_CONVERSION = YES;
				CLANG_WARN_INFINITE_RECURSION = YES;
				CLANG_WARN_INT_CONVERSION = YES;
				CLANG_WARN_NON_LITERAL_NULL_CONVERSION = YES;
				CLANG_WARN_OBJC_IMPLICIT_RETAIN_SELF = YES;
				CLANG_WARN_OBJC_LITERAL_CONVERSION = YES;
				CLANG_WARN_OBJC_ROOT_CLASS = YES_ERROR;
				CLANG_WARN_QUOTED_INCLUDE_IN_FRAMEWORK_HEADER = YES;
				CLANG_WARN_RANGE_LOOP_ANALYSIS = YES;
				CLANG_WARN_STRICT_PROTOTYPES = YES;
				CLANG_WARN_SUSPICIOUS_MOVE = YES;
				CLANG_WARN_UNGUARDED_AVAILABILITY = YES_AGGRESSIVE;
				CLANG_WARN_UNREACHABLE_CODE = YES;
				CLANG_WARN__DUPLICATE_METHOD_MATCH = YES;
				COPY_PHASE_STRIP = NO;
				DEBUG_INFORMATION_FORMAT = dwarf;
				ENABLE_STRICT_OBJC_MSGSEND = YES;
				ENABLE_TESTABILITY = YES;
				GCC_C_LANGUAGE_STANDARD = gnu11;
				GCC_DYNAMIC_NO_PIC = NO;
				GCC_NO_COMMON_BLOCKS = YES;
				GCC_OPTIMIZATION_LEVEL = 0;
				GCC_PREPROCESSOR_DEFINITIONS = (
					"DEBUG=1",
					"$(inherited)",
				);
				GCC_WARN_64_TO_32_BIT_CONVERSION = YES;
				GCC_WARN_ABOUT_RETURN_TYPE = YES_ERROR;
				GCC_WARN_UNDECLARED_SELECTOR = YES;
				GCC_WARN_UNINITIALIZED_AUTOS = YES_AGGRESSIVE;
				GCC_WARN_UNUSED_FUNCTION = YES;
				GCC_WARN_UNUSED_VARIABLE = YES;
				IPHONEOS_DEPLOYMENT_TARGET = 14.4;
				MTL_ENABLE_DEBUG_INFO = INCLUDE_SOURCE;
				MTL_FAST_MATH = YES;
				ONLY_ACTIVE_ARCH = YES;
				SDKROOT = iphoneos;
				SWIFT_ACTIVE_COMPILATION_CONDITIONS = DEBUG;
				SWIFT_OPTIMIZATION_LEVEL = "-Onone";
			};
			name = Debug;
		};
		6E80677C263BF24800FD38F0 /* Release */ = {
			isa = XCBuildConfiguration;
			buildSettings = {
				ALWAYS_SEARCH_USER_PATHS = NO;
				CLANG_ANALYZER_NONNULL = YES;
				CLANG_ANALYZER_NUMBER_OBJECT_CONVERSION = YES_AGGRESSIVE;
				CLANG_CXX_LANGUAGE_STANDARD = "gnu++14";
				CLANG_CXX_LIBRARY = "libc++";
				CLANG_ENABLE_MODULES = YES;
				CLANG_ENABLE_OBJC_ARC = YES;
				CLANG_ENABLE_OBJC_WEAK = YES;
				CLANG_WARN_BLOCK_CAPTURE_AUTORELEASING = YES;
				CLANG_WARN_BOOL_CONVERSION = YES;
				CLANG_WARN_COMMA = YES;
				CLANG_WARN_CONSTANT_CONVERSION = YES;
				CLANG_WARN_DEPRECATED_OBJC_IMPLEMENTATIONS = YES;
				CLANG_WARN_DIRECT_OBJC_ISA_USAGE = YES_ERROR;
				CLANG_WARN_DOCUMENTATION_COMMENTS = YES;
				CLANG_WARN_EMPTY_BODY = YES;
				CLANG_WARN_ENUM_CONVERSION = YES;
				CLANG_WARN_INFINITE_RECURSION = YES;
				CLANG_WARN_INT_CONVERSION = YES;
				CLANG_WARN_NON_LITERAL_NULL_CONVERSION = YES;
				CLANG_WARN_OBJC_IMPLICIT_RETAIN_SELF = YES;
				CLANG_WARN_OBJC_LITERAL_CONVERSION = YES;
				CLANG_WARN_OBJC_ROOT_CLASS = YES_ERROR;
				CLANG_WARN_QUOTED_INCLUDE_IN_FRAMEWORK_HEADER = YES;
				CLANG_WARN_RANGE_LOOP_ANALYSIS = YES;
				CLANG_WARN_STRICT_PROTOTYPES = YES;
				CLANG_WARN_SUSPICIOUS_MOVE = YES;
				CLANG_WARN_UNGUARDED_AVAILABILITY = YES_AGGRESSIVE;
				CLANG_WARN_UNREACHABLE_CODE = YES;
				CLANG_WARN__DUPLICATE_METHOD_MATCH = YES;
				COPY_PHASE_STRIP = NO;
				DEBUG_INFORMATION_FORMAT = "dwarf-with-dsym";
				ENABLE_NS_ASSERTIONS = NO;
				ENABLE_STRICT_OBJC_MSGSEND = YES;
				GCC_C_LANGUAGE_STANDARD = gnu11;
				GCC_NO_COMMON_BLOCKS = YES;
				GCC_WARN_64_TO_32_BIT_CONVERSION = YES;
				GCC_WARN_ABOUT_RETURN_TYPE = YES_ERROR;
				GCC_WARN_UNDECLARED_SELECTOR = YES;
				GCC_WARN_UNINITIALIZED_AUTOS = YES_AGGRESSIVE;
				GCC_WARN_UNUSED_FUNCTION = YES;
				GCC_WARN_UNUSED_VARIABLE = YES;
				IPHONEOS_DEPLOYMENT_TARGET = 14.4;
				MTL_ENABLE_DEBUG_INFO = NO;
				MTL_FAST_MATH = YES;
				SDKROOT = iphoneos;
				SWIFT_COMPILATION_MODE = wholemodule;
				SWIFT_OPTIMIZATION_LEVEL = "-O";
				VALIDATE_PRODUCT = YES;
			};
			name = Release;
		};
		6E80677E263BF24800FD38F0 /* Debug */ = {
			isa = XCBuildConfiguration;
			buildSettings = {
				ASSETCATALOG_COMPILER_APPICON_NAME = AppIcon;
				ASSETCATALOG_COMPILER_GLOBAL_ACCENT_COLOR_NAME = AccentColor;
				CODE_SIGN_STYLE = Automatic;
				DEVELOPMENT_TEAM = V39999UVRP;
				INFOPLIST_FILE = SwiftPokedex/Info.plist;
				IPHONEOS_DEPLOYMENT_TARGET = 15.0;
				LD_RUNPATH_SEARCH_PATHS = (
					"$(inherited)",
					"@executable_path/Frameworks",
				);
				PRODUCT_BUNDLE_IDENTIFIER = com.viktorgidlof.ios.SwiftPokedex;
				PRODUCT_NAME = "$(TARGET_NAME)";
				SWIFT_VERSION = 5.0;
				TARGETED_DEVICE_FAMILY = 1;
			};
			name = Debug;
		};
		6E80677F263BF24800FD38F0 /* Release */ = {
			isa = XCBuildConfiguration;
			buildSettings = {
				ASSETCATALOG_COMPILER_APPICON_NAME = AppIcon;
				ASSETCATALOG_COMPILER_GLOBAL_ACCENT_COLOR_NAME = AccentColor;
				CODE_SIGN_STYLE = Automatic;
				DEVELOPMENT_TEAM = V39999UVRP;
				INFOPLIST_FILE = SwiftPokedex/Info.plist;
				IPHONEOS_DEPLOYMENT_TARGET = 15.0;
				LD_RUNPATH_SEARCH_PATHS = (
					"$(inherited)",
					"@executable_path/Frameworks",
				);
				PRODUCT_BUNDLE_IDENTIFIER = com.viktorgidlof.ios.SwiftPokedex;
				PRODUCT_NAME = "$(TARGET_NAME)";
				SWIFT_VERSION = 5.0;
				TARGETED_DEVICE_FAMILY = 1;
			};
			name = Release;
		};
/* End XCBuildConfiguration section */

/* Begin XCConfigurationList section */
		6E806764263BF24300FD38F0 /* Build configuration list for PBXProject "SwiftPokedex" */ = {
			isa = XCConfigurationList;
			buildConfigurations = (
				6E80677B263BF24800FD38F0 /* Debug */,
				6E80677C263BF24800FD38F0 /* Release */,
			);
			defaultConfigurationIsVisible = 0;
			defaultConfigurationName = Release;
		};
		6E80677D263BF24800FD38F0 /* Build configuration list for PBXNativeTarget "SwiftPokedex" */ = {
			isa = XCConfigurationList;
			buildConfigurations = (
				6E80677E263BF24800FD38F0 /* Debug */,
				6E80677F263BF24800FD38F0 /* Release */,
			);
			defaultConfigurationIsVisible = 0;
			defaultConfigurationName = Release;
		};
/* End XCConfigurationList section */

/* Begin XCRemoteSwiftPackageReference section */
		D5A8EF8E293E8BAF005E134B /* XCRemoteSwiftPackageReference "Networking" */ = {
			isa = XCRemoteSwiftPackageReference;
			repositoryURL = "https://github.com/brillcp/Networking.git";
			requirement = {
				kind = upToNextMajorVersion;
				minimumVersion = 0.8.8;
			};
		};
/* End XCRemoteSwiftPackageReference section */

/* Begin XCSwiftPackageProductDependency section */
		D5A8EF8F293E8BAF005E134B /* Networking */ = {
			isa = XCSwiftPackageProductDependency;
			package = D5A8EF8E293E8BAF005E134B /* XCRemoteSwiftPackageReference "Networking" */;
			productName = Networking;
		};
/* End XCSwiftPackageProductDependency section */
	};
	rootObject = 6E806761263BF24300FD38F0 /* Project object */;
}
