{
  "pins" : [
    {
      "identity" : "networking",
      "kind" : "remoteSourceControl",
      "location" : "https://github.com/brillcp/Networking.git",
      "state" : {
        "branch" : "develop",
        "revision" : "22dc751547a1b583c9777f6a9f12358d225768cf"
      }
    }
  ],
  "version" : 2
}
