{
  "pins" : [
    {
      "identity" : "networking",
      "kind" : "remoteSourceControl",
      "location" : "https://github.com/brillcp/Networking.git",
      "state" : {
        "revision" : "778dfd4e3f58274c5e092f08dee8404d16797437",
        "version" : "0.8.8"
      }
    }
  ],
  "version" : 2
}
